// !$*UTF8*$!
{
	archiveVersion = 1;
	classes = {
	};
	objectVersion = 56;
	objects = {

/* Begin PBXBuildFile section */
		DA1C6375295E590A00D3A1F5 /* SpanStatsView.swift in Sources */ = {isa = PBXBuildFile; fileRef = DA1C6374295E590A00D3A1F5 /* SpanStatsView.swift */; };
		DA1C6377295F17B100D3A1F5 /* WindowReader.swift in Sources */ = {isa = PBXBuildFile; fileRef = DA1C6376295F17B100D3A1F5 /* WindowReader.swift */; };
		DA1C637A295F627A00D3A1F5 /* ImporterManager.mm in Sources */ = {isa = PBXBuildFile; fileRef = DA1C6379295F627A00D3A1F5 /* ImporterManager.mm */; };
		DA1C637C29608E4300D3A1F5 /* Env.swift in Sources */ = {isa = PBXBuildFile; fileRef = DA1C637B29608E4300D3A1F5 /* Env.swift */; };
		DA1C637E2960ECF300D3A1F5 /* ToolButton.swift in Sources */ = {isa = PBXBuildFile; fileRef = DA1C637D2960ECF300D3A1F5 /* ToolButton.swift */; };
		DA2A2C0C294FA0A900588FEA /* BrokerLine.h in Headers */ = {isa = PBXBuildFile; fileRef = DA2A2C0A294FA0A900588FEA /* BrokerLine.h */; settings = {ATTRIBUTES = (Public, ); }; };
		DA2A2C10294FA27A00588FEA /* BrokerLineLog.h in Headers */ = {isa = PBXBuildFile; fileRef = DA2A2C0E294FA27A00588FEA /* BrokerLineLog.h */; settings = {ATTRIBUTES = (Public, ); }; };
		DA2A2C11294FA27A00588FEA /* BrokerLineLog.m in Sources */ = {isa = PBXBuildFile; fileRef = DA2A2C0F294FA27A00588FEA /* BrokerLineLog.m */; };
		DA2A2C1429505C7B00588FEA /* BrokerLine.m in Sources */ = {isa = PBXBuildFile; fileRef = DA2A2C1329505C7B00588FEA /* BrokerLine.m */; };
		DA2A2C192950717200588FEA /* BrokerLineCsv.h in Headers */ = {isa = PBXBuildFile; fileRef = DA2A2C172950717200588FEA /* BrokerLineCsv.h */; settings = {ATTRIBUTES = (Public, ); }; };
		DA2A2C1A2950717200588FEA /* BrokerLineCsv.m in Sources */ = {isa = PBXBuildFile; fileRef = DA2A2C182950717200588FEA /* BrokerLineCsv.m */; };
		DA2A2C1E2950730800588FEA /* BrokerLineSpanData.h in Headers */ = {isa = PBXBuildFile; fileRef = DA2A2C1C2950730800588FEA /* BrokerLineSpanData.h */; settings = {ATTRIBUTES = (Public, ); }; };
		DA2A2C1F2950730800588FEA /* BrokerLineSpanData.m in Sources */ = {isa = PBXBuildFile; fileRef = DA2A2C1D2950730800588FEA /* BrokerLineSpanData.m */; };
		DA2A2C252950AB2500588FEA /* BrokerLineSpanAlloc.h in Headers */ = {isa = PBXBuildFile; fileRef = DA2A2C232950AB2500588FEA /* BrokerLineSpanAlloc.h */; settings = {ATTRIBUTES = (Public, ); }; };
		DA2A2C262950AB2500588FEA /* BrokerLineSpanAlloc.m in Sources */ = {isa = PBXBuildFile; fileRef = DA2A2C242950AB2500588FEA /* BrokerLineSpanAlloc.m */; };
		DA2A2C2C2950AD0700588FEA /* BrokerLineSpanEvent.h in Headers */ = {isa = PBXBuildFile; fileRef = DA2A2C2A2950AD0700588FEA /* BrokerLineSpanEvent.h */; settings = {ATTRIBUTES = (Public, ); }; };
		DA2A2C2D2950AD0700588FEA /* BrokerLineSpanEvent.m in Sources */ = {isa = PBXBuildFile; fileRef = DA2A2C2B2950AD0700588FEA /* BrokerLineSpanEvent.m */; };
		DA2A2C322950AD7700588FEA /* BrokerLineSpan.h in Headers */ = {isa = PBXBuildFile; fileRef = DA2A2C302950AD7700588FEA /* BrokerLineSpan.h */; settings = {ATTRIBUTES = (Public, ); }; };
		DA2A2C332950AD7700588FEA /* BrokerLineSpan.m in Sources */ = {isa = PBXBuildFile; fileRef = DA2A2C312950AD7700588FEA /* BrokerLineSpan.m */; };
		DA2A2C372950AF5800588FEA /* BrokerLineConnection.h in Headers */ = {isa = PBXBuildFile; fileRef = DA2A2C352950AF5800588FEA /* BrokerLineConnection.h */; settings = {ATTRIBUTES = (Public, ); }; };
		DA2A2C382950AF5800588FEA /* BrokerLineConnection.m in Sources */ = {isa = PBXBuildFile; fileRef = DA2A2C362950AF5800588FEA /* BrokerLineConnection.m */; };
		DA2A2C3F2950DF7F00588FEA /* ProfilerServiceManager.swift in Sources */ = {isa = PBXBuildFile; fileRef = DA2A2C3E2950DF7F00588FEA /* ProfilerServiceManager.swift */; };
		DA2A2C412951FB9300588FEA /* ProfilerView.swift in Sources */ = {isa = PBXBuildFile; fileRef = DA2A2C402951FB9300588FEA /* ProfilerView.swift */; };
		DA2A2C422951FF2700588FEA /* TextTools.framework in Frameworks */ = {isa = PBXBuildFile; fileRef = DAB6AA1A293364C800B290FC /* TextTools.framework */; };
		DA2A2C432951FF2700588FEA /* TextTools.framework in Embed Frameworks */ = {isa = PBXBuildFile; fileRef = DAB6AA1A293364C800B290FC /* TextTools.framework */; settings = {ATTRIBUTES = (CodeSignOnCopy, RemoveHeadersOnCopy, ); }; };
		DA2A2C452951FF4D00588FEA /* ProfilerBackend.framework in Frameworks */ = {isa = PBXBuildFile; fileRef = DAF8FAB929431C9500404F75 /* ProfilerBackend.framework */; };
		DA2A2C462951FF4D00588FEA /* ProfilerBackend.framework in Embed Frameworks */ = {isa = PBXBuildFile; fileRef = DAF8FAB929431C9500404F75 /* ProfilerBackend.framework */; settings = {ATTRIBUTES = (CodeSignOnCopy, RemoveHeadersOnCopy, ); }; };
		DA2A2C4A29520DA100588FEA /* SpanMetadataView.swift in Sources */ = {isa = PBXBuildFile; fileRef = DA2A2C4929520DA100588FEA /* SpanMetadataView.swift */; };
		DA31F6BB2924C04E0077AF03 /* SpanNodeInfo.swift in Sources */ = {isa = PBXBuildFile; fileRef = DA31F6BA2924C04E0077AF03 /* SpanNodeInfo.swift */; };
		DA58FD6F292182F60034E588 /* SpanRunTable.swift in Sources */ = {isa = PBXBuildFile; fileRef = DA58FD6E292182F60034E588 /* SpanRunTable.swift */; };
		DA58FD7129218BC60034E588 /* ModelExtensions.swift in Sources */ = {isa = PBXBuildFile; fileRef = DA58FD7029218BC60034E588 /* ModelExtensions.swift */; };
		DA58FD732922D61B0034E588 /* ProjectDetails.swift in Sources */ = {isa = PBXBuildFile; fileRef = DA58FD722922D61B0034E588 /* ProjectDetails.swift */; };
		DA58FD772922E2A00034E588 /* PreviewExtensions.swift in Sources */ = {isa = PBXBuildFile; fileRef = DA58FD762922E2A00034E588 /* PreviewExtensions.swift */; };
		DA58FD792922E2B20034E588 /* SampleData.swift in Sources */ = {isa = PBXBuildFile; fileRef = DA58FD782922E2B20034E588 /* SampleData.swift */; };
		DA58FD7B2922E8AB0034E588 /* ProjectInfo.swift in Sources */ = {isa = PBXBuildFile; fileRef = DA58FD7A2922E8AB0034E588 /* ProjectInfo.swift */; };
		DA58FD7D292371D70034E588 /* SpanNodeDetails.swift in Sources */ = {isa = PBXBuildFile; fileRef = DA58FD7C292371D70034E588 /* SpanNodeDetails.swift */; };
		DA58FD7F292373970034E588 /* SpanEventTable.swift in Sources */ = {isa = PBXBuildFile; fileRef = DA58FD7E292373970034E588 /* SpanEventTable.swift */; };
		DA6A44902920EB2B00DCEDBB /* ProfilerApp.swift in Sources */ = {isa = PBXBuildFile; fileRef = DA6A448F2920EB2B00DCEDBB /* ProfilerApp.swift */; };
		DA6A44922920EB2B00DCEDBB /* Database.swift in Sources */ = {isa = PBXBuildFile; fileRef = DA6A44912920EB2B00DCEDBB /* Database.swift */; };
		DA6A44972920EB2B00DCEDBB /* ContentView.swift in Sources */ = {isa = PBXBuildFile; fileRef = DA6A44962920EB2B00DCEDBB /* ContentView.swift */; };
		DA6A44992920EB2C00DCEDBB /* Assets.xcassets in Resources */ = {isa = PBXBuildFile; fileRef = DA6A44982920EB2C00DCEDBB /* Assets.xcassets */; };
		DA6A449D2920EB2C00DCEDBB /* Preview Assets.xcassets in Resources */ = {isa = PBXBuildFile; fileRef = DA6A449C2920EB2C00DCEDBB /* Preview Assets.xcassets */; };
		DA6A44A72920EB2C00DCEDBB /* ProfilerTests.swift in Sources */ = {isa = PBXBuildFile; fileRef = DA6A44A62920EB2C00DCEDBB /* ProfilerTests.swift */; };
		DA6A44B12920EB2C00DCEDBB /* ProfilerUITests.swift in Sources */ = {isa = PBXBuildFile; fileRef = DA6A44B02920EB2C00DCEDBB /* ProfilerUITests.swift */; };
		DA6A44B32920EB2C00DCEDBB /* ProfilerUITestsLaunchTests.swift in Sources */ = {isa = PBXBuildFile; fileRef = DA6A44B22920EB2C00DCEDBB /* ProfilerUITestsLaunchTests.swift */; };
		DA6A44C72921431A00DCEDBB /* Profiler.xcdatamodeld in Sources */ = {isa = PBXBuildFile; fileRef = DA6A44C52921431A00DCEDBB /* Profiler.xcdatamodeld */; };
		DA6D168129472E4000CAB4D7 /* ServiceBroker.h in Headers */ = {isa = PBXBuildFile; fileRef = DA6D167F29472E4000CAB4D7 /* ServiceBroker.h */; };
		DA6D168229472E4000CAB4D7 /* ServiceBroker.m in Sources */ = {isa = PBXBuildFile; fileRef = DA6D168029472E4000CAB4D7 /* ServiceBroker.m */; };
		DA6D169229473A0400CAB4D7 /* ProfilerServiceView.h in Headers */ = {isa = PBXBuildFile; fileRef = DA6D169129473A0400CAB4D7 /* ProfilerServiceView.h */; settings = {ATTRIBUTES = (Public, ); }; };
		DA6D169529473A0400CAB4D7 /* ProfilerServiceView.framework in Frameworks */ = {isa = PBXBuildFile; fileRef = DA6D168F29473A0400CAB4D7 /* ProfilerServiceView.framework */; platformFilters = (macos, ); };
		DA6D169629473A0400CAB4D7 /* ProfilerServiceView.framework in Embed Frameworks */ = {isa = PBXBuildFile; fileRef = DA6D168F29473A0400CAB4D7 /* ProfilerServiceView.framework */; platformFilters = (macos, ); settings = {ATTRIBUTES = (CodeSignOnCopy, RemoveHeadersOnCopy, ); }; };
		DA6D169B29473A8100CAB4D7 /* ContentView.swift in Sources */ = {isa = PBXBuildFile; fileRef = DA6D169A29473A8100CAB4D7 /* ContentView.swift */; };
		DA6D16A429473DA300CAB4D7 /* ErrorHandler.h in Headers */ = {isa = PBXBuildFile; fileRef = DA6D16A329473DA300CAB4D7 /* ErrorHandler.h */; settings = {ATTRIBUTES = (Public, ); }; };
		DA6D16A729473DA300CAB4D7 /* ErrorHandler.framework in Frameworks */ = {isa = PBXBuildFile; fileRef = DA6D16A129473DA300CAB4D7 /* ErrorHandler.framework */; };
		DA6D16A829473DA300CAB4D7 /* ErrorHandler.framework in Embed Frameworks */ = {isa = PBXBuildFile; fileRef = DA6D16A129473DA300CAB4D7 /* ErrorHandler.framework */; settings = {ATTRIBUTES = (CodeSignOnCopy, RemoveHeadersOnCopy, ); }; };
		DA6D16AC29473DB900CAB4D7 /* ErrorHandler.swift in Sources */ = {isa = PBXBuildFile; fileRef = DA0308FC2937FEEC00072C36 /* ErrorHandler.swift */; };
		DA6D16AE29473E2100CAB4D7 /* ErrorHandler.framework in Frameworks */ = {isa = PBXBuildFile; fileRef = DA6D16A129473DA300CAB4D7 /* ErrorHandler.framework */; };
		DA6D16AF29473E2100CAB4D7 /* ErrorHandler.framework in Embed Frameworks */ = {isa = PBXBuildFile; fileRef = DA6D16A129473DA300CAB4D7 /* ErrorHandler.framework */; settings = {ATTRIBUTES = (CodeSignOnCopy, RemoveHeadersOnCopy, ); }; };
		DA6D9AF92961D12A00E7F75C /* NodeFilters.swift in Sources */ = {isa = PBXBuildFile; fileRef = DA6D9AF82961D12A00E7F75C /* NodeFilters.swift */; };
		DA6D9AFD2962DCEA00E7F75C /* Hacks.swift in Sources */ = {isa = PBXBuildFile; fileRef = DA6D9AFC2962DCEA00E7F75C /* Hacks.swift */; };
		DA6D9B002962DE5500E7F75C /* NodeTextFilter.m in Sources */ = {isa = PBXBuildFile; fileRef = DA6D9AFF2962DE5500E7F75C /* NodeTextFilter.m */; };
		DAB6AA012933614D00B290FC /* ProjectImporter.m in Sources */ = {isa = PBXBuildFile; fileRef = DAB6AA002933614D00B290FC /* ProjectImporter.m */; };
		DAB6AA1E293364D500B290FC /* TextTools.framework in Frameworks */ = {isa = PBXBuildFile; fileRef = DAB6AA1A293364C800B290FC /* TextTools.framework */; };
		DAB6AA1F293364D500B290FC /* TextTools.framework in Embed Frameworks */ = {isa = PBXBuildFile; fileRef = DAB6AA1A293364C800B290FC /* TextTools.framework */; settings = {ATTRIBUTES = (CodeSignOnCopy, RemoveHeadersOnCopy, ); }; };
		DAB6AA232933ADF100B290FC /* NodeImportTask.m in Sources */ = {isa = PBXBuildFile; fileRef = DAB6AA222933ADF100B290FC /* NodeImportTask.m */; };
		DAB6AA262933B60700B290FC /* TreeNode.m in Sources */ = {isa = PBXBuildFile; fileRef = DAB6AA252933B60700B290FC /* TreeNode.m */; };
		DAB6AA282933B99B00B290FC /* TreeNodeTests.m in Sources */ = {isa = PBXBuildFile; fileRef = DAB6AA272933B99B00B290FC /* TreeNodeTests.m */; };
		DAB6AA2B2936447000B290FC /* FilePicker.swift in Sources */ = {isa = PBXBuildFile; fileRef = DAB6AA2A2936447000B290FC /* FilePicker.swift */; };
		DAB6AA312936A3F700B290FC /* ProjectLink.swift in Sources */ = {isa = PBXBuildFile; fileRef = DAB6AA302936A3F700B290FC /* ProjectLink.swift */; };
		DAC1515A294355BE00760299 /* profiler-aarch64 in Resources */ = {isa = PBXBuildFile; fileRef = DAC15158294355BE00760299 /* profiler-aarch64 */; };
		DAC1515B294355BE00760299 /* profiler-amd64 in Resources */ = {isa = PBXBuildFile; fileRef = DAC15159294355BE00760299 /* profiler-amd64 */; };
		DAC1515D29448B2D00760299 /* DisplayModels.swift in Sources */ = {isa = PBXBuildFile; fileRef = DAC1515C29448B2D00760299 /* DisplayModels.swift */; };
		DAD8FEFE295E4C3E001846CA /* BrokerLineSpanPath.h in Headers */ = {isa = PBXBuildFile; fileRef = DAD8FEFC295E4C3E001846CA /* BrokerLineSpanPath.h */; settings = {ATTRIBUTES = (Public, ); }; };
		DAD8FEFF295E4C3E001846CA /* BrokerLineSpanPath.m in Sources */ = {isa = PBXBuildFile; fileRef = DAD8FEFD295E4C3E001846CA /* BrokerLineSpanPath.m */; };
		DAED2F89293FCFBB0095A2FC /* NodeDuration.c in Sources */ = {isa = PBXBuildFile; fileRef = DAED2F88293FCFBB0095A2FC /* NodeDuration.c */; };
		DAF8FAB0294288CB00404F75 /* LineChart.swift in Sources */ = {isa = PBXBuildFile; fileRef = DAF8FAAF294288CB00404F75 /* LineChart.swift */; };
		DAF8FABC29431C9500404F75 /* ProfilerBackend.h in Headers */ = {isa = PBXBuildFile; fileRef = DAF8FABB29431C9500404F75 /* ProfilerBackend.h */; settings = {ATTRIBUTES = (Public, ); }; };
		DAF8FABF29431C9500404F75 /* ProfilerBackend.framework in Frameworks */ = {isa = PBXBuildFile; fileRef = DAF8FAB929431C9500404F75 /* ProfilerBackend.framework */; platformFilters = (macos, ); };
		DAF8FAC029431C9500404F75 /* ProfilerBackend.framework in Embed Frameworks */ = {isa = PBXBuildFile; fileRef = DAF8FAB929431C9500404F75 /* ProfilerBackend.framework */; platformFilters = (macos, ); settings = {ATTRIBUTES = (CodeSignOnCopy, RemoveHeadersOnCopy, ); }; };
		DAF8FACF294350D300404F75 /* ProfilerService.h in Headers */ = {isa = PBXBuildFile; fileRef = DAF8FACD294350D300404F75 /* ProfilerService.h */; settings = {ATTRIBUTES = (Public, ); }; };
		DAF8FAD0294350D300404F75 /* ProfilerService.m in Sources */ = {isa = PBXBuildFile; fileRef = DAF8FACE294350D300404F75 /* ProfilerService.m */; };
/* End PBXBuildFile section */

/* Begin PBXContainerItemProxy section */
		DA2A2C472951FF4D00588FEA /* PBXContainerItemProxy */ = {
			isa = PBXContainerItemProxy;
			containerPortal = DA6A44842920EB2B00DCEDBB /* Project object */;
			proxyType = 1;
			remoteGlobalIDString = DAF8FAB829431C9500404F75;
			remoteInfo = ProfilerBackend;
		};
		DA6A44A32920EB2C00DCEDBB /* PBXContainerItemProxy */ = {
			isa = PBXContainerItemProxy;
			containerPortal = DA6A44842920EB2B00DCEDBB /* Project object */;
			proxyType = 1;
			remoteGlobalIDString = DA6A448B2920EB2B00DCEDBB;
			remoteInfo = Profiler;
		};
		DA6A44AD2920EB2C00DCEDBB /* PBXContainerItemProxy */ = {
			isa = PBXContainerItemProxy;
			containerPortal = DA6A44842920EB2B00DCEDBB /* Project object */;
			proxyType = 1;
			remoteGlobalIDString = DA6A448B2920EB2B00DCEDBB;
			remoteInfo = Profiler;
		};
		DA6D169329473A0400CAB4D7 /* PBXContainerItemProxy */ = {
			isa = PBXContainerItemProxy;
			containerPortal = DA6A44842920EB2B00DCEDBB /* Project object */;
			proxyType = 1;
			remoteGlobalIDString = DA6D168E29473A0400CAB4D7;
			remoteInfo = ProfilerServiceView;
		};
		DA6D16A529473DA300CAB4D7 /* PBXContainerItemProxy */ = {
			isa = PBXContainerItemProxy;
			containerPortal = DA6A44842920EB2B00DCEDBB /* Project object */;
			proxyType = 1;
			remoteGlobalIDString = DA6D16A029473DA300CAB4D7;
			remoteInfo = ErrorHandler;
		};
		DA6D16B029473E2100CAB4D7 /* PBXContainerItemProxy */ = {
			isa = PBXContainerItemProxy;
			containerPortal = DA6A44842920EB2B00DCEDBB /* Project object */;
			proxyType = 1;
			remoteGlobalIDString = DA6D16A029473DA300CAB4D7;
			remoteInfo = ErrorHandler;
		};
		DAB6AA19293364C800B290FC /* PBXContainerItemProxy */ = {
			isa = PBXContainerItemProxy;
			containerPortal = DAB6AA14293364C800B290FC /* TextTools.xcodeproj */;
			proxyType = 2;
			remoteGlobalIDString = DA60F699293003DC0017D656;
			remoteInfo = TextTools;
		};
		DAB6AA1B293364C800B290FC /* PBXContainerItemProxy */ = {
			isa = PBXContainerItemProxy;
			containerPortal = DAB6AA14293364C800B290FC /* TextTools.xcodeproj */;
			proxyType = 2;
			remoteGlobalIDString = DA60F6A3293003DC0017D656;
			remoteInfo = TextToolsTests;
		};
		DAF8FABD29431C9500404F75 /* PBXContainerItemProxy */ = {
			isa = PBXContainerItemProxy;
			containerPortal = DA6A44842920EB2B00DCEDBB /* Project object */;
			proxyType = 1;
			remoteGlobalIDString = DAF8FAB829431C9500404F75;
			remoteInfo = ProfilerBackend;
		};
/* End PBXContainerItemProxy section */

/* Begin PBXCopyFilesBuildPhase section */
		DA2A2C442951FF2700588FEA /* Embed Frameworks */ = {
			isa = PBXCopyFilesBuildPhase;
			buildActionMask = 2147483647;
			dstPath = "";
			dstSubfolderSpec = 10;
			files = (
				DA2A2C432951FF2700588FEA /* TextTools.framework in Embed Frameworks */,
			);
			name = "Embed Frameworks";
			runOnlyForDeploymentPostprocessing = 0;
		};
		DA6D16B229473E2100CAB4D7 /* Embed Frameworks */ = {
			isa = PBXCopyFilesBuildPhase;
			buildActionMask = 2147483647;
			dstPath = "";
			dstSubfolderSpec = 10;
			files = (
				DA2A2C462951FF4D00588FEA /* ProfilerBackend.framework in Embed Frameworks */,
				DA6D16AF29473E2100CAB4D7 /* ErrorHandler.framework in Embed Frameworks */,
			);
			name = "Embed Frameworks";
			runOnlyForDeploymentPostprocessing = 0;
		};
		DAB6AA20293364D500B290FC /* Embed Frameworks */ = {
			isa = PBXCopyFilesBuildPhase;
			buildActionMask = 2147483647;
			dstPath = "";
			dstSubfolderSpec = 10;
			files = (
				DAF8FAC029431C9500404F75 /* ProfilerBackend.framework in Embed Frameworks */,
				DAB6AA1F293364D500B290FC /* TextTools.framework in Embed Frameworks */,
				DA6D16A829473DA300CAB4D7 /* ErrorHandler.framework in Embed Frameworks */,
				DA6D169629473A0400CAB4D7 /* ProfilerServiceView.framework in Embed Frameworks */,
			);
			name = "Embed Frameworks";
			runOnlyForDeploymentPostprocessing = 0;
		};
/* End PBXCopyFilesBuildPhase section */

/* Begin PBXFileReference section */
		DA0308FC2937FEEC00072C36 /* ErrorHandler.swift */ = {isa = PBXFileReference; lastKnownFileType = sourcecode.swift; path = ErrorHandler.swift; sourceTree = "<group>"; };
		DA1C6374295E590A00D3A1F5 /* SpanStatsView.swift */ = {isa = PBXFileReference; lastKnownFileType = sourcecode.swift; path = SpanStatsView.swift; sourceTree = "<group>"; };
		DA1C6376295F17B100D3A1F5 /* WindowReader.swift */ = {isa = PBXFileReference; lastKnownFileType = sourcecode.swift; path = WindowReader.swift; sourceTree = "<group>"; };
		DA1C6378295F627A00D3A1F5 /* ImporterManager.h */ = {isa = PBXFileReference; lastKnownFileType = sourcecode.c.h; path = ImporterManager.h; sourceTree = "<group>"; };
		DA1C6379295F627A00D3A1F5 /* ImporterManager.mm */ = {isa = PBXFileReference; lastKnownFileType = sourcecode.cpp.objcpp; path = ImporterManager.mm; sourceTree = "<group>"; };
		DA1C637B29608E4300D3A1F5 /* Env.swift */ = {isa = PBXFileReference; lastKnownFileType = sourcecode.swift; path = Env.swift; sourceTree = "<group>"; };
		DA1C637D2960ECF300D3A1F5 /* ToolButton.swift */ = {isa = PBXFileReference; lastKnownFileType = sourcecode.swift; path = ToolButton.swift; sourceTree = "<group>"; };
		DA2A2C0A294FA0A900588FEA /* BrokerLine.h */ = {isa = PBXFileReference; lastKnownFileType = sourcecode.c.h; path = BrokerLine.h; sourceTree = "<group>"; };
		DA2A2C0E294FA27A00588FEA /* BrokerLineLog.h */ = {isa = PBXFileReference; lastKnownFileType = sourcecode.c.h; path = BrokerLineLog.h; sourceTree = "<group>"; };
		DA2A2C0F294FA27A00588FEA /* BrokerLineLog.m */ = {isa = PBXFileReference; lastKnownFileType = sourcecode.c.objc; path = BrokerLineLog.m; sourceTree = "<group>"; };
		DA2A2C1329505C7B00588FEA /* BrokerLine.m */ = {isa = PBXFileReference; lastKnownFileType = sourcecode.c.objc; path = BrokerLine.m; sourceTree = "<group>"; };
		DA2A2C172950717200588FEA /* BrokerLineCsv.h */ = {isa = PBXFileReference; lastKnownFileType = sourcecode.c.h; path = BrokerLineCsv.h; sourceTree = "<group>"; };
		DA2A2C182950717200588FEA /* BrokerLineCsv.m */ = {isa = PBXFileReference; lastKnownFileType = sourcecode.c.objc; path = BrokerLineCsv.m; sourceTree = "<group>"; };
		DA2A2C1C2950730800588FEA /* BrokerLineSpanData.h */ = {isa = PBXFileReference; lastKnownFileType = sourcecode.c.h; path = BrokerLineSpanData.h; sourceTree = "<group>"; };
		DA2A2C1D2950730800588FEA /* BrokerLineSpanData.m */ = {isa = PBXFileReference; lastKnownFileType = sourcecode.c.objc; path = BrokerLineSpanData.m; sourceTree = "<group>"; };
		DA2A2C232950AB2500588FEA /* BrokerLineSpanAlloc.h */ = {isa = PBXFileReference; lastKnownFileType = sourcecode.c.h; path = BrokerLineSpanAlloc.h; sourceTree = "<group>"; };
		DA2A2C242950AB2500588FEA /* BrokerLineSpanAlloc.m */ = {isa = PBXFileReference; lastKnownFileType = sourcecode.c.objc; path = BrokerLineSpanAlloc.m; sourceTree = "<group>"; };
		DA2A2C2A2950AD0700588FEA /* BrokerLineSpanEvent.h */ = {isa = PBXFileReference; lastKnownFileType = sourcecode.c.h; path = BrokerLineSpanEvent.h; sourceTree = "<group>"; };
		DA2A2C2B2950AD0700588FEA /* BrokerLineSpanEvent.m */ = {isa = PBXFileReference; lastKnownFileType = sourcecode.c.objc; path = BrokerLineSpanEvent.m; sourceTree = "<group>"; };
		DA2A2C302950AD7700588FEA /* BrokerLineSpan.h */ = {isa = PBXFileReference; lastKnownFileType = sourcecode.c.h; path = BrokerLineSpan.h; sourceTree = "<group>"; };
		DA2A2C312950AD7700588FEA /* BrokerLineSpan.m */ = {isa = PBXFileReference; lastKnownFileType = sourcecode.c.objc; path = BrokerLineSpan.m; sourceTree = "<group>"; };
		DA2A2C352950AF5800588FEA /* BrokerLineConnection.h */ = {isa = PBXFileReference; lastKnownFileType = sourcecode.c.h; path = BrokerLineConnection.h; sourceTree = "<group>"; };
		DA2A2C362950AF5800588FEA /* BrokerLineConnection.m */ = {isa = PBXFileReference; lastKnownFileType = sourcecode.c.objc; path = BrokerLineConnection.m; sourceTree = "<group>"; };
		DA2A2C3E2950DF7F00588FEA /* ProfilerServiceManager.swift */ = {isa = PBXFileReference; lastKnownFileType = sourcecode.swift; path = ProfilerServiceManager.swift; sourceTree = "<group>"; };
		DA2A2C402951FB9300588FEA /* ProfilerView.swift */ = {isa = PBXFileReference; lastKnownFileType = sourcecode.swift; path = ProfilerView.swift; sourceTree = "<group>"; };
		DA2A2C4929520DA100588FEA /* SpanMetadataView.swift */ = {isa = PBXFileReference; lastKnownFileType = sourcecode.swift; path = SpanMetadataView.swift; sourceTree = "<group>"; };
		DA31F6BA2924C04E0077AF03 /* SpanNodeInfo.swift */ = {isa = PBXFileReference; lastKnownFileType = sourcecode.swift; path = SpanNodeInfo.swift; sourceTree = "<group>"; };
		DA31F6BC292586680077AF03 /* Profiler-Bridging-Header.h */ = {isa = PBXFileReference; lastKnownFileType = sourcecode.c.h; path = "Profiler-Bridging-Header.h"; sourceTree = "<group>"; };
		DA31F6C029262E8A0077AF03 /* ProfilerTests-Bridging-Header.h */ = {isa = PBXFileReference; lastKnownFileType = sourcecode.c.h; path = "ProfilerTests-Bridging-Header.h"; sourceTree = "<group>"; };
		DA58FD6E292182F60034E588 /* SpanRunTable.swift */ = {isa = PBXFileReference; lastKnownFileType = sourcecode.swift; path = SpanRunTable.swift; sourceTree = "<group>"; };
		DA58FD7029218BC60034E588 /* ModelExtensions.swift */ = {isa = PBXFileReference; lastKnownFileType = sourcecode.swift; path = ModelExtensions.swift; sourceTree = "<group>"; };
		DA58FD722922D61B0034E588 /* ProjectDetails.swift */ = {isa = PBXFileReference; lastKnownFileType = sourcecode.swift; path = ProjectDetails.swift; sourceTree = "<group>"; };
		DA58FD762922E2A00034E588 /* PreviewExtensions.swift */ = {isa = PBXFileReference; lastKnownFileType = sourcecode.swift; path = PreviewExtensions.swift; sourceTree = "<group>"; };
		DA58FD782922E2B20034E588 /* SampleData.swift */ = {isa = PBXFileReference; lastKnownFileType = sourcecode.swift; path = SampleData.swift; sourceTree = "<group>"; };
		DA58FD7A2922E8AB0034E588 /* ProjectInfo.swift */ = {isa = PBXFileReference; lastKnownFileType = sourcecode.swift; path = ProjectInfo.swift; sourceTree = "<group>"; };
		DA58FD7C292371D70034E588 /* SpanNodeDetails.swift */ = {isa = PBXFileReference; lastKnownFileType = sourcecode.swift; path = SpanNodeDetails.swift; sourceTree = "<group>"; };
		DA58FD7E292373970034E588 /* SpanEventTable.swift */ = {isa = PBXFileReference; lastKnownFileType = sourcecode.swift; path = SpanEventTable.swift; sourceTree = "<group>"; };
		DA6A448C2920EB2B00DCEDBB /* Profiler.app */ = {isa = PBXFileReference; explicitFileType = wrapper.application; includeInIndex = 0; path = Profiler.app; sourceTree = BUILT_PRODUCTS_DIR; };
		DA6A448F2920EB2B00DCEDBB /* ProfilerApp.swift */ = {isa = PBXFileReference; lastKnownFileType = sourcecode.swift; path = ProfilerApp.swift; sourceTree = "<group>"; };
		DA6A44912920EB2B00DCEDBB /* Database.swift */ = {isa = PBXFileReference; lastKnownFileType = sourcecode.swift; path = Database.swift; sourceTree = "<group>"; };
		DA6A44962920EB2B00DCEDBB /* ContentView.swift */ = {isa = PBXFileReference; lastKnownFileType = sourcecode.swift; path = ContentView.swift; sourceTree = "<group>"; };
		DA6A44982920EB2C00DCEDBB /* Assets.xcassets */ = {isa = PBXFileReference; lastKnownFileType = folder.assetcatalog; path = Assets.xcassets; sourceTree = "<group>"; };
		DA6A449A2920EB2C00DCEDBB /* Profiler.entitlements */ = {isa = PBXFileReference; lastKnownFileType = text.plist.entitlements; path = Profiler.entitlements; sourceTree = "<group>"; };
		DA6A449C2920EB2C00DCEDBB /* Preview Assets.xcassets */ = {isa = PBXFileReference; lastKnownFileType = folder.assetcatalog; path = "Preview Assets.xcassets"; sourceTree = "<group>"; };
		DA6A44A22920EB2C00DCEDBB /* ProfilerTests.xctest */ = {isa = PBXFileReference; explicitFileType = wrapper.cfbundle; includeInIndex = 0; path = ProfilerTests.xctest; sourceTree = BUILT_PRODUCTS_DIR; };
		DA6A44A62920EB2C00DCEDBB /* ProfilerTests.swift */ = {isa = PBXFileReference; lastKnownFileType = sourcecode.swift; path = ProfilerTests.swift; sourceTree = "<group>"; };
		DA6A44AC2920EB2C00DCEDBB /* ProfilerUITests.xctest */ = {isa = PBXFileReference; explicitFileType = wrapper.cfbundle; includeInIndex = 0; path = ProfilerUITests.xctest; sourceTree = BUILT_PRODUCTS_DIR; };
		DA6A44B02920EB2C00DCEDBB /* ProfilerUITests.swift */ = {isa = PBXFileReference; lastKnownFileType = sourcecode.swift; path = ProfilerUITests.swift; sourceTree = "<group>"; };
		DA6A44B22920EB2C00DCEDBB /* ProfilerUITestsLaunchTests.swift */ = {isa = PBXFileReference; lastKnownFileType = sourcecode.swift; path = ProfilerUITestsLaunchTests.swift; sourceTree = "<group>"; };
		DA6A44C62921431A00DCEDBB /* Profiler.xcdatamodel */ = {isa = PBXFileReference; lastKnownFileType = wrapper.xcdatamodel; path = Profiler.xcdatamodel; sourceTree = "<group>"; };
		DA6D16742945C15A00CAB4D7 /* Info.plist */ = {isa = PBXFileReference; lastKnownFileType = text.plist; path = Info.plist; sourceTree = "<group>"; };
		DA6D167F29472E4000CAB4D7 /* ServiceBroker.h */ = {isa = PBXFileReference; lastKnownFileType = sourcecode.c.h; path = ServiceBroker.h; sourceTree = "<group>"; };
		DA6D168029472E4000CAB4D7 /* ServiceBroker.m */ = {isa = PBXFileReference; lastKnownFileType = sourcecode.c.objc; path = ServiceBroker.m; sourceTree = "<group>"; };
		DA6D168F29473A0400CAB4D7 /* ProfilerServiceView.framework */ = {isa = PBXFileReference; explicitFileType = wrapper.framework; includeInIndex = 0; path = ProfilerServiceView.framework; sourceTree = BUILT_PRODUCTS_DIR; };
		DA6D169129473A0400CAB4D7 /* ProfilerServiceView.h */ = {isa = PBXFileReference; lastKnownFileType = sourcecode.c.h; path = ProfilerServiceView.h; sourceTree = "<group>"; };
		DA6D169A29473A8100CAB4D7 /* ContentView.swift */ = {isa = PBXFileReference; lastKnownFileType = sourcecode.swift; path = ContentView.swift; sourceTree = "<group>"; };
		DA6D16A129473DA300CAB4D7 /* ErrorHandler.framework */ = {isa = PBXFileReference; explicitFileType = wrapper.framework; includeInIndex = 0; path = ErrorHandler.framework; sourceTree = BUILT_PRODUCTS_DIR; };
		DA6D16A329473DA300CAB4D7 /* ErrorHandler.h */ = {isa = PBXFileReference; lastKnownFileType = sourcecode.c.h; path = ErrorHandler.h; sourceTree = "<group>"; };
		DA6D9AF82961D12A00E7F75C /* NodeFilters.swift */ = {isa = PBXFileReference; lastKnownFileType = sourcecode.swift; path = NodeFilters.swift; sourceTree = "<group>"; };
		DA6D9AFC2962DCEA00E7F75C /* Hacks.swift */ = {isa = PBXFileReference; lastKnownFileType = sourcecode.swift; path = Hacks.swift; sourceTree = "<group>"; };
		DA6D9AFE2962DE5500E7F75C /* NodeTextFilter.h */ = {isa = PBXFileReference; lastKnownFileType = sourcecode.c.h; path = NodeTextFilter.h; sourceTree = "<group>"; };
		DA6D9AFF2962DE5500E7F75C /* NodeTextFilter.m */ = {isa = PBXFileReference; lastKnownFileType = sourcecode.c.objc; path = NodeTextFilter.m; sourceTree = "<group>"; };
		DAB6A9FF2933614D00B290FC /* ProjectImporter.h */ = {isa = PBXFileReference; lastKnownFileType = sourcecode.c.h; path = ProjectImporter.h; sourceTree = "<group>"; };
		DAB6AA002933614D00B290FC /* ProjectImporter.m */ = {isa = PBXFileReference; lastKnownFileType = sourcecode.c.objc; path = ProjectImporter.m; sourceTree = "<group>"; };
		DAB6AA14293364C800B290FC /* TextTools.xcodeproj */ = {isa = PBXFileReference; lastKnownFileType = "wrapper.pb-project"; name = TextTools.xcodeproj; path = ../TextTools/TextTools.xcodeproj; sourceTree = "<group>"; };
		DAB6AA212933ADF100B290FC /* NodeImportTask.h */ = {isa = PBXFileReference; lastKnownFileType = sourcecode.c.h; path = NodeImportTask.h; sourceTree = "<group>"; };
		DAB6AA222933ADF100B290FC /* NodeImportTask.m */ = {isa = PBXFileReference; lastKnownFileType = sourcecode.c.objc; path = NodeImportTask.m; sourceTree = "<group>"; };
		DAB6AA242933B60700B290FC /* TreeNode.h */ = {isa = PBXFileReference; lastKnownFileType = sourcecode.c.h; path = TreeNode.h; sourceTree = "<group>"; };
		DAB6AA252933B60700B290FC /* TreeNode.m */ = {isa = PBXFileReference; lastKnownFileType = sourcecode.c.objc; path = TreeNode.m; sourceTree = "<group>"; };
		DAB6AA272933B99B00B290FC /* TreeNodeTests.m */ = {isa = PBXFileReference; lastKnownFileType = sourcecode.c.objc; path = TreeNodeTests.m; sourceTree = "<group>"; };
		DAB6AA2A2936447000B290FC /* FilePicker.swift */ = {isa = PBXFileReference; lastKnownFileType = sourcecode.swift; path = FilePicker.swift; sourceTree = "<group>"; };
		DAB6AA302936A3F700B290FC /* ProjectLink.swift */ = {isa = PBXFileReference; lastKnownFileType = sourcecode.swift; path = ProjectLink.swift; sourceTree = "<group>"; };
		DAC15158294355BE00760299 /* profiler-aarch64 */ = {isa = PBXFileReference; lastKnownFileType = "compiled.mach-o.executable"; path = "profiler-aarch64"; sourceTree = "<group>"; };
		DAC15159294355BE00760299 /* profiler-amd64 */ = {isa = PBXFileReference; lastKnownFileType = "compiled.mach-o.executable"; path = "profiler-amd64"; sourceTree = "<group>"; };
		DAC1515C29448B2D00760299 /* DisplayModels.swift */ = {isa = PBXFileReference; lastKnownFileType = sourcecode.swift; path = DisplayModels.swift; sourceTree = "<group>"; };
		DAD8FEFC295E4C3E001846CA /* BrokerLineSpanPath.h */ = {isa = PBXFileReference; lastKnownFileType = sourcecode.c.h; path = BrokerLineSpanPath.h; sourceTree = "<group>"; };
		DAD8FEFD295E4C3E001846CA /* BrokerLineSpanPath.m */ = {isa = PBXFileReference; lastKnownFileType = sourcecode.c.objc; path = BrokerLineSpanPath.m; sourceTree = "<group>"; };
		DAED2F87293FCFBB0095A2FC /* NodeDuration.h */ = {isa = PBXFileReference; lastKnownFileType = sourcecode.c.h; path = NodeDuration.h; sourceTree = "<group>"; };
		DAED2F88293FCFBB0095A2FC /* NodeDuration.c */ = {isa = PBXFileReference; lastKnownFileType = sourcecode.c.c; path = NodeDuration.c; sourceTree = "<group>"; };
		DAF8FAAF294288CB00404F75 /* LineChart.swift */ = {isa = PBXFileReference; lastKnownFileType = sourcecode.swift; path = LineChart.swift; sourceTree = "<group>"; };
		DAF8FAB929431C9500404F75 /* ProfilerBackend.framework */ = {isa = PBXFileReference; explicitFileType = wrapper.framework; includeInIndex = 0; path = ProfilerBackend.framework; sourceTree = BUILT_PRODUCTS_DIR; };
		DAF8FABB29431C9500404F75 /* ProfilerBackend.h */ = {isa = PBXFileReference; lastKnownFileType = sourcecode.c.h; path = ProfilerBackend.h; sourceTree = "<group>"; };
		DAF8FACD294350D300404F75 /* ProfilerService.h */ = {isa = PBXFileReference; lastKnownFileType = sourcecode.c.h; path = ProfilerService.h; sourceTree = "<group>"; };
		DAF8FACE294350D300404F75 /* ProfilerService.m */ = {isa = PBXFileReference; lastKnownFileType = sourcecode.c.objc; path = ProfilerService.m; sourceTree = "<group>"; };
/* End PBXFileReference section */

/* Begin PBXFrameworksBuildPhase section */
		DA6A44892920EB2B00DCEDBB /* Frameworks */ = {
			isa = PBXFrameworksBuildPhase;
			buildActionMask = 2147483647;
			files = (
				DAF8FABF29431C9500404F75 /* ProfilerBackend.framework in Frameworks */,
				DAB6AA1E293364D500B290FC /* TextTools.framework in Frameworks */,
				DA6D16A729473DA300CAB4D7 /* ErrorHandler.framework in Frameworks */,
				DA6D169529473A0400CAB4D7 /* ProfilerServiceView.framework in Frameworks */,
			);
			runOnlyForDeploymentPostprocessing = 0;
		};
		DA6A449F2920EB2C00DCEDBB /* Frameworks */ = {
			isa = PBXFrameworksBuildPhase;
			buildActionMask = 2147483647;
			files = (
			);
			runOnlyForDeploymentPostprocessing = 0;
		};
		DA6A44A92920EB2C00DCEDBB /* Frameworks */ = {
			isa = PBXFrameworksBuildPhase;
			buildActionMask = 2147483647;
			files = (
			);
			runOnlyForDeploymentPostprocessing = 0;
		};
		DA6D168C29473A0400CAB4D7 /* Frameworks */ = {
			isa = PBXFrameworksBuildPhase;
			buildActionMask = 2147483647;
			files = (
				DA2A2C452951FF4D00588FEA /* ProfilerBackend.framework in Frameworks */,
				DA6D16AE29473E2100CAB4D7 /* ErrorHandler.framework in Frameworks */,
			);
			runOnlyForDeploymentPostprocessing = 0;
		};
		DA6D169E29473DA300CAB4D7 /* Frameworks */ = {
			isa = PBXFrameworksBuildPhase;
			buildActionMask = 2147483647;
			files = (
			);
			runOnlyForDeploymentPostprocessing = 0;
		};
		DAF8FAB629431C9500404F75 /* Frameworks */ = {
			isa = PBXFrameworksBuildPhase;
			buildActionMask = 2147483647;
			files = (
				DA2A2C422951FF2700588FEA /* TextTools.framework in Frameworks */,
			);
			runOnlyForDeploymentPostprocessing = 0;
		};
/* End PBXFrameworksBuildPhase section */

/* Begin PBXGroup section */
		DA2A2C07294FA07300588FEA /* Broker */ = {
			isa = PBXGroup;
			children = (
				DA6D167F29472E4000CAB4D7 /* ServiceBroker.h */,
				DA6D168029472E4000CAB4D7 /* ServiceBroker.m */,
				DA2A2C0A294FA0A900588FEA /* BrokerLine.h */,
				DA2A2C1329505C7B00588FEA /* BrokerLine.m */,
				DA2A2C0E294FA27A00588FEA /* BrokerLineLog.h */,
				DA2A2C0F294FA27A00588FEA /* BrokerLineLog.m */,
				DA2A2C172950717200588FEA /* BrokerLineCsv.h */,
				DA2A2C182950717200588FEA /* BrokerLineCsv.m */,
				DA2A2C302950AD7700588FEA /* BrokerLineSpan.h */,
				DA2A2C312950AD7700588FEA /* BrokerLineSpan.m */,
				DA2A2C1C2950730800588FEA /* BrokerLineSpanData.h */,
				DA2A2C1D2950730800588FEA /* BrokerLineSpanData.m */,
				DA2A2C232950AB2500588FEA /* BrokerLineSpanAlloc.h */,
				DA2A2C242950AB2500588FEA /* BrokerLineSpanAlloc.m */,
				DA2A2C2A2950AD0700588FEA /* BrokerLineSpanEvent.h */,
				DA2A2C2B2950AD0700588FEA /* BrokerLineSpanEvent.m */,
				DA2A2C352950AF5800588FEA /* BrokerLineConnection.h */,
				DA2A2C362950AF5800588FEA /* BrokerLineConnection.m */,
				DAD8FEFC295E4C3E001846CA /* BrokerLineSpanPath.h */,
				DAD8FEFD295E4C3E001846CA /* BrokerLineSpanPath.m */,
			);
			path = Broker;
			sourceTree = "<group>";
		};
		DA31F6C329266C570077AF03 /* Importer */ = {
			isa = PBXGroup;
			children = (
				DAB6AA242933B60700B290FC /* TreeNode.h */,
				DAB6AA252933B60700B290FC /* TreeNode.m */,
				DAB6A9FF2933614D00B290FC /* ProjectImporter.h */,
				DAB6AA002933614D00B290FC /* ProjectImporter.m */,
				DAB6AA212933ADF100B290FC /* NodeImportTask.h */,
				DAB6AA222933ADF100B290FC /* NodeImportTask.m */,
				DAED2F87293FCFBB0095A2FC /* NodeDuration.h */,
				DAED2F88293FCFBB0095A2FC /* NodeDuration.c */,
				DA1C6378295F627A00D3A1F5 /* ImporterManager.h */,
				DA1C6379295F627A00D3A1F5 /* ImporterManager.mm */,
			);
			path = Importer;
			sourceTree = "<group>";
		};
		DA58FD742922D6250034E588 /* View */ = {
			isa = PBXGroup;
			children = (
				DA6A44962920EB2B00DCEDBB /* ContentView.swift */,
				DA58FD6E292182F60034E588 /* SpanRunTable.swift */,
				DA58FD722922D61B0034E588 /* ProjectDetails.swift */,
				DA58FD7A2922E8AB0034E588 /* ProjectInfo.swift */,
				DA58FD7C292371D70034E588 /* SpanNodeDetails.swift */,
				DA58FD7E292373970034E588 /* SpanEventTable.swift */,
				DA31F6BA2924C04E0077AF03 /* SpanNodeInfo.swift */,
				DAB6AA302936A3F700B290FC /* ProjectLink.swift */,
				DAF8FAAF294288CB00404F75 /* LineChart.swift */,
				DAC1515C29448B2D00760299 /* DisplayModels.swift */,
				DA1C637D2960ECF300D3A1F5 /* ToolButton.swift */,
				DA6D9AF82961D12A00E7F75C /* NodeFilters.swift */,
				DA6D9AFE2962DE5500E7F75C /* NodeTextFilter.h */,
				DA6D9AFF2962DE5500E7F75C /* NodeTextFilter.m */,
			);
			path = View;
			sourceTree = "<group>";
		};
		DA58FD752922E22D0034E588 /* Db */ = {
			isa = PBXGroup;
			children = (
				DA6A44C52921431A00DCEDBB /* Profiler.xcdatamodeld */,
				DA6A44912920EB2B00DCEDBB /* Database.swift */,
				DA58FD7029218BC60034E588 /* ModelExtensions.swift */,
				DA58FD762922E2A00034E588 /* PreviewExtensions.swift */,
				DA58FD782922E2B20034E588 /* SampleData.swift */,
			);
			path = Db;
			sourceTree = "<group>";
		};
		DA6A44832920EB2B00DCEDBB = {
			isa = PBXGroup;
			children = (
				DAB6AA14293364C800B290FC /* TextTools.xcodeproj */,
				DA6A448E2920EB2B00DCEDBB /* Profiler */,
				DA6A44A52920EB2C00DCEDBB /* ProfilerTests */,
				DA6A44AF2920EB2C00DCEDBB /* ProfilerUITests */,
				DAF8FABA29431C9500404F75 /* ProfilerBackend */,
				DA6D169029473A0400CAB4D7 /* ProfilerServiceView */,
				DA6D16A229473DA300CAB4D7 /* ErrorHandler */,
				DA6A448D2920EB2B00DCEDBB /* Products */,
				DA6D16AD29473E2100CAB4D7 /* Frameworks */,
			);
			sourceTree = "<group>";
		};
		DA6A448D2920EB2B00DCEDBB /* Products */ = {
			isa = PBXGroup;
			children = (
				DA6A448C2920EB2B00DCEDBB /* Profiler.app */,
				DA6A44A22920EB2C00DCEDBB /* ProfilerTests.xctest */,
				DA6A44AC2920EB2C00DCEDBB /* ProfilerUITests.xctest */,
				DAF8FAB929431C9500404F75 /* ProfilerBackend.framework */,
				DA6D168F29473A0400CAB4D7 /* ProfilerServiceView.framework */,
				DA6D16A129473DA300CAB4D7 /* ErrorHandler.framework */,
			);
			name = Products;
			sourceTree = "<group>";
		};
		DA6A448E2920EB2B00DCEDBB /* Profiler */ = {
			isa = PBXGroup;
			children = (
				DA6D16742945C15A00CAB4D7 /* Info.plist */,
				DA31F6C329266C570077AF03 /* Importer */,
				DA58FD752922E22D0034E588 /* Db */,
				DA58FD742922D6250034E588 /* View */,
				DA6A448F2920EB2B00DCEDBB /* ProfilerApp.swift */,
				DA1C637B29608E4300D3A1F5 /* Env.swift */,
				DAB6AA2A2936447000B290FC /* FilePicker.swift */,
				DA6D9AFC2962DCEA00E7F75C /* Hacks.swift */,
				DA31F6BC292586680077AF03 /* Profiler-Bridging-Header.h */,
				DA6A44982920EB2C00DCEDBB /* Assets.xcassets */,
				DA6A449A2920EB2C00DCEDBB /* Profiler.entitlements */,
				DA6A449B2920EB2C00DCEDBB /* Preview Content */,
			);
			path = Profiler;
			sourceTree = "<group>";
		};
		DA6A449B2920EB2C00DCEDBB /* Preview Content */ = {
			isa = PBXGroup;
			children = (
				DA6A449C2920EB2C00DCEDBB /* Preview Assets.xcassets */,
			);
			path = "Preview Content";
			sourceTree = "<group>";
		};
		DA6A44A52920EB2C00DCEDBB /* ProfilerTests */ = {
			isa = PBXGroup;
			children = (
				DA6A44A62920EB2C00DCEDBB /* ProfilerTests.swift */,
				DA31F6C029262E8A0077AF03 /* ProfilerTests-Bridging-Header.h */,
				DAB6AA272933B99B00B290FC /* TreeNodeTests.m */,
			);
			path = ProfilerTests;
			sourceTree = "<group>";
		};
		DA6A44AF2920EB2C00DCEDBB /* ProfilerUITests */ = {
			isa = PBXGroup;
			children = (
				DA6A44B02920EB2C00DCEDBB /* ProfilerUITests.swift */,
				DA6A44B22920EB2C00DCEDBB /* ProfilerUITestsLaunchTests.swift */,
			);
			path = ProfilerUITests;
			sourceTree = "<group>";
		};
		DA6D169029473A0400CAB4D7 /* ProfilerServiceView */ = {
			isa = PBXGroup;
			children = (
				DA6D169129473A0400CAB4D7 /* ProfilerServiceView.h */,
				DA6D169A29473A8100CAB4D7 /* ContentView.swift */,
				DA2A2C3E2950DF7F00588FEA /* ProfilerServiceManager.swift */,
				DA2A2C402951FB9300588FEA /* ProfilerView.swift */,
				DA2A2C4929520DA100588FEA /* SpanMetadataView.swift */,
				DA1C6374295E590A00D3A1F5 /* SpanStatsView.swift */,
				DA1C6376295F17B100D3A1F5 /* WindowReader.swift */,
			);
			path = ProfilerServiceView;
			sourceTree = "<group>";
		};
		DA6D16A229473DA300CAB4D7 /* ErrorHandler */ = {
			isa = PBXGroup;
			children = (
				DA6D16A329473DA300CAB4D7 /* ErrorHandler.h */,
				DA0308FC2937FEEC00072C36 /* ErrorHandler.swift */,
			);
			path = ErrorHandler;
			sourceTree = "<group>";
		};
		DA6D16AD29473E2100CAB4D7 /* Frameworks */ = {
			isa = PBXGroup;
			children = (
			);
			name = Frameworks;
			sourceTree = "<group>";
		};
		DAB6AA15293364C800B290FC /* Products */ = {
			isa = PBXGroup;
			children = (
				DAB6AA1A293364C800B290FC /* TextTools.framework */,
				DAB6AA1C293364C800B290FC /* TextToolsTests.xctest */,
			);
			name = Products;
			sourceTree = "<group>";
		};
		DAF8FABA29431C9500404F75 /* ProfilerBackend */ = {
			isa = PBXGroup;
			children = (
				DA2A2C07294FA07300588FEA /* Broker */,
				DAC15158294355BE00760299 /* profiler-aarch64 */,
				DAC15159294355BE00760299 /* profiler-amd64 */,
				DAF8FABB29431C9500404F75 /* ProfilerBackend.h */,
				DAF8FACD294350D300404F75 /* ProfilerService.h */,
				DAF8FACE294350D300404F75 /* ProfilerService.m */,
			);
			path = ProfilerBackend;
			sourceTree = "<group>";
		};
/* End PBXGroup section */

/* Begin PBXHeadersBuildPhase section */
		DA6D168A29473A0400CAB4D7 /* Headers */ = {
			isa = PBXHeadersBuildPhase;
			buildActionMask = 2147483647;
			files = (
				DA6D169229473A0400CAB4D7 /* ProfilerServiceView.h in Headers */,
			);
			runOnlyForDeploymentPostprocessing = 0;
		};
		DA6D169C29473DA300CAB4D7 /* Headers */ = {
			isa = PBXHeadersBuildPhase;
			buildActionMask = 2147483647;
			files = (
				DA6D16A429473DA300CAB4D7 /* ErrorHandler.h in Headers */,
			);
			runOnlyForDeploymentPostprocessing = 0;
		};
		DAF8FAB429431C9500404F75 /* Headers */ = {
			isa = PBXHeadersBuildPhase;
			buildActionMask = 2147483647;
			files = (
				DA2A2C192950717200588FEA /* BrokerLineCsv.h in Headers */,
				DAF8FABC29431C9500404F75 /* ProfilerBackend.h in Headers */,
				DA2A2C2C2950AD0700588FEA /* BrokerLineSpanEvent.h in Headers */,
				DA2A2C372950AF5800588FEA /* BrokerLineConnection.h in Headers */,
				DAF8FACF294350D300404F75 /* ProfilerService.h in Headers */,
				DAD8FEFE295E4C3E001846CA /* BrokerLineSpanPath.h in Headers */,
				DA6D168129472E4000CAB4D7 /* ServiceBroker.h in Headers */,
				DA2A2C322950AD7700588FEA /* BrokerLineSpan.h in Headers */,
				DA2A2C0C294FA0A900588FEA /* BrokerLine.h in Headers */,
				DA2A2C252950AB2500588FEA /* BrokerLineSpanAlloc.h in Headers */,
				DA2A2C10294FA27A00588FEA /* BrokerLineLog.h in Headers */,
				DA2A2C1E2950730800588FEA /* BrokerLineSpanData.h in Headers */,
			);
			runOnlyForDeploymentPostprocessing = 0;
		};
/* End PBXHeadersBuildPhase section */

/* Begin PBXNativeTarget section */
		DA6A448B2920EB2B00DCEDBB /* Profiler */ = {
			isa = PBXNativeTarget;
			buildConfigurationList = DA6A44B62920EB2C00DCEDBB /* Build configuration list for PBXNativeTarget "Profiler" */;
			buildPhases = (
				DA6A44882920EB2B00DCEDBB /* Sources */,
				DA6A44892920EB2B00DCEDBB /* Frameworks */,
				DA6A448A2920EB2B00DCEDBB /* Resources */,
				DAB6AA20293364D500B290FC /* Embed Frameworks */,
			);
			buildRules = (
			);
			dependencies = (
				DAF8FABE29431C9500404F75 /* PBXTargetDependency */,
				DA6D169429473A0400CAB4D7 /* PBXTargetDependency */,
				DA6D16A629473DA300CAB4D7 /* PBXTargetDependency */,
			);
			name = Profiler;
			productName = Profiler;
			productReference = DA6A448C2920EB2B00DCEDBB /* Profiler.app */;
			productType = "com.apple.product-type.application";
		};
		DA6A44A12920EB2C00DCEDBB /* ProfilerTests */ = {
			isa = PBXNativeTarget;
			buildConfigurationList = DA6A44B92920EB2C00DCEDBB /* Build configuration list for PBXNativeTarget "ProfilerTests" */;
			buildPhases = (
				DA6A449E2920EB2C00DCEDBB /* Sources */,
				DA6A449F2920EB2C00DCEDBB /* Frameworks */,
				DA6A44A02920EB2C00DCEDBB /* Resources */,
			);
			buildRules = (
			);
			dependencies = (
				DA6A44A42920EB2C00DCEDBB /* PBXTargetDependency */,
			);
			name = ProfilerTests;
			productName = ProfilerTests;
			productReference = DA6A44A22920EB2C00DCEDBB /* ProfilerTests.xctest */;
			productType = "com.apple.product-type.bundle.unit-test";
		};
		DA6A44AB2920EB2C00DCEDBB /* ProfilerUITests */ = {
			isa = PBXNativeTarget;
			buildConfigurationList = DA6A44BC2920EB2C00DCEDBB /* Build configuration list for PBXNativeTarget "ProfilerUITests" */;
			buildPhases = (
				DA6A44A82920EB2C00DCEDBB /* Sources */,
				DA6A44A92920EB2C00DCEDBB /* Frameworks */,
				DA6A44AA2920EB2C00DCEDBB /* Resources */,
			);
			buildRules = (
			);
			dependencies = (
				DA6A44AE2920EB2C00DCEDBB /* PBXTargetDependency */,
			);
			name = ProfilerUITests;
			productName = ProfilerUITests;
			productReference = DA6A44AC2920EB2C00DCEDBB /* ProfilerUITests.xctest */;
			productType = "com.apple.product-type.bundle.ui-testing";
		};
		DA6D168E29473A0400CAB4D7 /* ProfilerServiceView */ = {
			isa = PBXNativeTarget;
			buildConfigurationList = DA6D169729473A0400CAB4D7 /* Build configuration list for PBXNativeTarget "ProfilerServiceView" */;
			buildPhases = (
				DA6D168A29473A0400CAB4D7 /* Headers */,
				DA6D168B29473A0400CAB4D7 /* Sources */,
				DA6D168C29473A0400CAB4D7 /* Frameworks */,
				DA6D168D29473A0400CAB4D7 /* Resources */,
				DA6D16B229473E2100CAB4D7 /* Embed Frameworks */,
			);
			buildRules = (
			);
			dependencies = (
				DA6D16B129473E2100CAB4D7 /* PBXTargetDependency */,
				DA2A2C482951FF4D00588FEA /* PBXTargetDependency */,
			);
			name = ProfilerServiceView;
			productName = ProfilerServiceView;
			productReference = DA6D168F29473A0400CAB4D7 /* ProfilerServiceView.framework */;
			productType = "com.apple.product-type.framework";
		};
		DA6D16A029473DA300CAB4D7 /* ErrorHandler */ = {
			isa = PBXNativeTarget;
			buildConfigurationList = DA6D16A929473DA300CAB4D7 /* Build configuration list for PBXNativeTarget "ErrorHandler" */;
			buildPhases = (
				DA6D169C29473DA300CAB4D7 /* Headers */,
				DA6D169D29473DA300CAB4D7 /* Sources */,
				DA6D169E29473DA300CAB4D7 /* Frameworks */,
				DA6D169F29473DA300CAB4D7 /* Resources */,
			);
			buildRules = (
			);
			dependencies = (
			);
			name = ErrorHandler;
			productName = ErrorHandler;
			productReference = DA6D16A129473DA300CAB4D7 /* ErrorHandler.framework */;
			productType = "com.apple.product-type.framework";
		};
		DAF8FAB829431C9500404F75 /* ProfilerBackend */ = {
			isa = PBXNativeTarget;
			buildConfigurationList = DAF8FAC529431C9500404F75 /* Build configuration list for PBXNativeTarget "ProfilerBackend" */;
			buildPhases = (
				DAF8FAB429431C9500404F75 /* Headers */,
				DAF8FAB529431C9500404F75 /* Sources */,
				DAF8FAB629431C9500404F75 /* Frameworks */,
				DAF8FAB729431C9500404F75 /* Resources */,
				DA2A2C442951FF2700588FEA /* Embed Frameworks */,
			);
			buildRules = (
			);
			dependencies = (
			);
			name = ProfilerBackend;
			productName = ProfilerBackend;
			productReference = DAF8FAB929431C9500404F75 /* ProfilerBackend.framework */;
			productType = "com.apple.product-type.framework";
		};
/* End PBXNativeTarget section */

/* Begin PBXProject section */
		DA6A44842920EB2B00DCEDBB /* Project object */ = {
			isa = PBXProject;
			attributes = {
				BuildIndependentTargetsInParallel = 1;
				LastSwiftUpdateCheck = 1410;
				LastUpgradeCheck = 1410;
				TargetAttributes = {
					DA6A448B2920EB2B00DCEDBB = {
						CreatedOnToolsVersion = 14.1;
						LastSwiftMigration = 1410;
					};
					DA6A44A12920EB2C00DCEDBB = {
						CreatedOnToolsVersion = 14.1;
						LastSwiftMigration = 1410;
						TestTargetID = DA6A448B2920EB2B00DCEDBB;
					};
					DA6A44AB2920EB2C00DCEDBB = {
						CreatedOnToolsVersion = 14.1;
						TestTargetID = DA6A448B2920EB2B00DCEDBB;
					};
					DA6D168E29473A0400CAB4D7 = {
						CreatedOnToolsVersion = 14.1;
						LastSwiftMigration = 1410;
					};
					DA6D16A029473DA300CAB4D7 = {
						CreatedOnToolsVersion = 14.1;
					};
					DAF8FAB829431C9500404F75 = {
						CreatedOnToolsVersion = 14.1;
					};
				};
			};
			buildConfigurationList = DA6A44872920EB2B00DCEDBB /* Build configuration list for PBXProject "Profiler" */;
			compatibilityVersion = "Xcode 14.0";
			developmentRegion = en;
			hasScannedForEncodings = 0;
			knownRegions = (
				en,
				Base,
			);
			mainGroup = DA6A44832920EB2B00DCEDBB;
			productRefGroup = DA6A448D2920EB2B00DCEDBB /* Products */;
			projectDirPath = "";
			projectReferences = (
				{
					ProductGroup = DAB6AA15293364C800B290FC /* Products */;
					ProjectRef = DAB6AA14293364C800B290FC /* TextTools.xcodeproj */;
				},
			);
			projectRoot = "";
			targets = (
				DA6A448B2920EB2B00DCEDBB /* Profiler */,
				DA6A44A12920EB2C00DCEDBB /* ProfilerTests */,
				DA6A44AB2920EB2C00DCEDBB /* ProfilerUITests */,
				DAF8FAB829431C9500404F75 /* ProfilerBackend */,
				DA6D168E29473A0400CAB4D7 /* ProfilerServiceView */,
				DA6D16A029473DA300CAB4D7 /* ErrorHandler */,
			);
		};
/* End PBXProject section */

/* Begin PBXReferenceProxy section */
		DAB6AA1A293364C800B290FC /* TextTools.framework */ = {
			isa = PBXReferenceProxy;
			fileType = wrapper.framework;
			path = TextTools.framework;
			remoteRef = DAB6AA19293364C800B290FC /* PBXContainerItemProxy */;
			sourceTree = BUILT_PRODUCTS_DIR;
		};
		DAB6AA1C293364C800B290FC /* TextToolsTests.xctest */ = {
			isa = PBXReferenceProxy;
			fileType = wrapper.cfbundle;
			path = TextToolsTests.xctest;
			remoteRef = DAB6AA1B293364C800B290FC /* PBXContainerItemProxy */;
			sourceTree = BUILT_PRODUCTS_DIR;
		};
/* End PBXReferenceProxy section */

/* Begin PBXResourcesBuildPhase section */
		DA6A448A2920EB2B00DCEDBB /* Resources */ = {
			isa = PBXResourcesBuildPhase;
			buildActionMask = 2147483647;
			files = (
				DA6A449D2920EB2C00DCEDBB /* Preview Assets.xcassets in Resources */,
				DA6A44992920EB2C00DCEDBB /* Assets.xcassets in Resources */,
			);
			runOnlyForDeploymentPostprocessing = 0;
		};
		DA6A44A02920EB2C00DCEDBB /* Resources */ = {
			isa = PBXResourcesBuildPhase;
			buildActionMask = 2147483647;
			files = (
			);
			runOnlyForDeploymentPostprocessing = 0;
		};
		DA6A44AA2920EB2C00DCEDBB /* Resources */ = {
			isa = PBXResourcesBuildPhase;
			buildActionMask = 2147483647;
			files = (
			);
			runOnlyForDeploymentPostprocessing = 0;
		};
		DA6D168D29473A0400CAB4D7 /* Resources */ = {
			isa = PBXResourcesBuildPhase;
			buildActionMask = 2147483647;
			files = (
			);
			runOnlyForDeploymentPostprocessing = 0;
		};
		DA6D169F29473DA300CAB4D7 /* Resources */ = {
			isa = PBXResourcesBuildPhase;
			buildActionMask = 2147483647;
			files = (
			);
			runOnlyForDeploymentPostprocessing = 0;
		};
		DAF8FAB729431C9500404F75 /* Resources */ = {
			isa = PBXResourcesBuildPhase;
			buildActionMask = 2147483647;
			files = (
				DAC1515A294355BE00760299 /* profiler-aarch64 in Resources */,
				DAC1515B294355BE00760299 /* profiler-amd64 in Resources */,
			);
			runOnlyForDeploymentPostprocessing = 0;
		};
/* End PBXResourcesBuildPhase section */

/* Begin PBXSourcesBuildPhase section */
		DA6A44882920EB2B00DCEDBB /* Sources */ = {
			isa = PBXSourcesBuildPhase;
			buildActionMask = 2147483647;
			files = (
				DA58FD6F292182F60034E588 /* SpanRunTable.swift in Sources */,
				DA58FD7129218BC60034E588 /* ModelExtensions.swift in Sources */,
				DA58FD732922D61B0034E588 /* ProjectDetails.swift in Sources */,
				DA31F6BB2924C04E0077AF03 /* SpanNodeInfo.swift in Sources */,
				DAB6AA2B2936447000B290FC /* FilePicker.swift in Sources */,
				DA1C637E2960ECF300D3A1F5 /* ToolButton.swift in Sources */,
				DA58FD7F292373970034E588 /* SpanEventTable.swift in Sources */,
				DA6A44C72921431A00DCEDBB /* Profiler.xcdatamodeld in Sources */,
				DA6D9AF92961D12A00E7F75C /* NodeFilters.swift in Sources */,
				DAB6AA312936A3F700B290FC /* ProjectLink.swift in Sources */,
				DA6D9AFD2962DCEA00E7F75C /* Hacks.swift in Sources */,
				DA58FD772922E2A00034E588 /* PreviewExtensions.swift in Sources */,
				DA6A44902920EB2B00DCEDBB /* ProfilerApp.swift in Sources */,
				DAF8FAB0294288CB00404F75 /* LineChart.swift in Sources */,
				DAC1515D29448B2D00760299 /* DisplayModels.swift in Sources */,
				DAED2F89293FCFBB0095A2FC /* NodeDuration.c in Sources */,
				DA6D9B002962DE5500E7F75C /* NodeTextFilter.m in Sources */,
				DA6A44922920EB2B00DCEDBB /* Database.swift in Sources */,
				DA1C637C29608E4300D3A1F5 /* Env.swift in Sources */,
				DA58FD792922E2B20034E588 /* SampleData.swift in Sources */,
				DA6A44972920EB2B00DCEDBB /* ContentView.swift in Sources */,
				DAB6AA262933B60700B290FC /* TreeNode.m in Sources */,
				DAB6AA232933ADF100B290FC /* NodeImportTask.m in Sources */,
				DAB6AA012933614D00B290FC /* ProjectImporter.m in Sources */,
				DA1C637A295F627A00D3A1F5 /* ImporterManager.mm in Sources */,
				DA58FD7B2922E8AB0034E588 /* ProjectInfo.swift in Sources */,
				DA58FD7D292371D70034E588 /* SpanNodeDetails.swift in Sources */,
			);
			runOnlyForDeploymentPostprocessing = 0;
		};
		DA6A449E2920EB2C00DCEDBB /* Sources */ = {
			isa = PBXSourcesBuildPhase;
			buildActionMask = 2147483647;
			files = (
				DA6A44A72920EB2C00DCEDBB /* ProfilerTests.swift in Sources */,
				DAB6AA282933B99B00B290FC /* TreeNodeTests.m in Sources */,
			);
			runOnlyForDeploymentPostprocessing = 0;
		};
		DA6A44A82920EB2C00DCEDBB /* Sources */ = {
			isa = PBXSourcesBuildPhase;
			buildActionMask = 2147483647;
			files = (
				DA6A44B32920EB2C00DCEDBB /* ProfilerUITestsLaunchTests.swift in Sources */,
				DA6A44B12920EB2C00DCEDBB /* ProfilerUITests.swift in Sources */,
			);
			runOnlyForDeploymentPostprocessing = 0;
		};
		DA6D168B29473A0400CAB4D7 /* Sources */ = {
			isa = PBXSourcesBuildPhase;
			buildActionMask = 2147483647;
			files = (
				DA2A2C412951FB9300588FEA /* ProfilerView.swift in Sources */,
				DA1C6375295E590A00D3A1F5 /* SpanStatsView.swift in Sources */,
				DA1C6377295F17B100D3A1F5 /* WindowReader.swift in Sources */,
				DA2A2C3F2950DF7F00588FEA /* ProfilerServiceManager.swift in Sources */,
				DA6D169B29473A8100CAB4D7 /* ContentView.swift in Sources */,
				DA2A2C4A29520DA100588FEA /* SpanMetadataView.swift in Sources */,
			);
			runOnlyForDeploymentPostprocessing = 0;
		};
		DA6D169D29473DA300CAB4D7 /* Sources */ = {
			isa = PBXSourcesBuildPhase;
			buildActionMask = 2147483647;
			files = (
				DA6D16AC29473DB900CAB4D7 /* ErrorHandler.swift in Sources */,
			);
			runOnlyForDeploymentPostprocessing = 0;
		};
		DAF8FAB529431C9500404F75 /* Sources */ = {
			isa = PBXSourcesBuildPhase;
			buildActionMask = 2147483647;
			files = (
				DA2A2C332950AD7700588FEA /* BrokerLineSpan.m in Sources */,
				DA2A2C1429505C7B00588FEA /* BrokerLine.m in Sources */,
				DA2A2C2D2950AD0700588FEA /* BrokerLineSpanEvent.m in Sources */,
				DAD8FEFF295E4C3E001846CA /* BrokerLineSpanPath.m in Sources */,
				DA2A2C262950AB2500588FEA /* BrokerLineSpanAlloc.m in Sources */,
				DA2A2C1A2950717200588FEA /* BrokerLineCsv.m in Sources */,
				DA2A2C11294FA27A00588FEA /* BrokerLineLog.m in Sources */,
				DA2A2C382950AF5800588FEA /* BrokerLineConnection.m in Sources */,
				DAF8FAD0294350D300404F75 /* ProfilerService.m in Sources */,
				DA2A2C1F2950730800588FEA /* BrokerLineSpanData.m in Sources */,
				DA6D168229472E4000CAB4D7 /* ServiceBroker.m in Sources */,
			);
			runOnlyForDeploymentPostprocessing = 0;
		};
/* End PBXSourcesBuildPhase section */

/* Begin PBXTargetDependency section */
		DA2A2C482951FF4D00588FEA /* PBXTargetDependency */ = {
			isa = PBXTargetDependency;
			target = DAF8FAB829431C9500404F75 /* ProfilerBackend */;
			targetProxy = DA2A2C472951FF4D00588FEA /* PBXContainerItemProxy */;
		};
		DA6A44A42920EB2C00DCEDBB /* PBXTargetDependency */ = {
			isa = PBXTargetDependency;
			target = DA6A448B2920EB2B00DCEDBB /* Profiler */;
			targetProxy = DA6A44A32920EB2C00DCEDBB /* PBXContainerItemProxy */;
		};
		DA6A44AE2920EB2C00DCEDBB /* PBXTargetDependency */ = {
			isa = PBXTargetDependency;
			target = DA6A448B2920EB2B00DCEDBB /* Profiler */;
			targetProxy = DA6A44AD2920EB2C00DCEDBB /* PBXContainerItemProxy */;
		};
		DA6D169429473A0400CAB4D7 /* PBXTargetDependency */ = {
			isa = PBXTargetDependency;
			platformFilters = (
				macos,
			);
			target = DA6D168E29473A0400CAB4D7 /* ProfilerServiceView */;
			targetProxy = DA6D169329473A0400CAB4D7 /* PBXContainerItemProxy */;
		};
		DA6D16A629473DA300CAB4D7 /* PBXTargetDependency */ = {
			isa = PBXTargetDependency;
			target = DA6D16A029473DA300CAB4D7 /* ErrorHandler */;
			targetProxy = DA6D16A529473DA300CAB4D7 /* PBXContainerItemProxy */;
		};
		DA6D16B129473E2100CAB4D7 /* PBXTargetDependency */ = {
			isa = PBXTargetDependency;
			target = DA6D16A029473DA300CAB4D7 /* ErrorHandler */;
			targetProxy = DA6D16B029473E2100CAB4D7 /* PBXContainerItemProxy */;
		};
		DAF8FABE29431C9500404F75 /* PBXTargetDependency */ = {
			isa = PBXTargetDependency;
			platformFilters = (
				macos,
			);
			target = DAF8FAB829431C9500404F75 /* ProfilerBackend */;
			targetProxy = DAF8FABD29431C9500404F75 /* PBXContainerItemProxy */;
		};
/* End PBXTargetDependency section */

/* Begin XCBuildConfiguration section */
		DA6A44B42920EB2C00DCEDBB /* Debug */ = {
			isa = XCBuildConfiguration;
			buildSettings = {
				ALWAYS_SEARCH_USER_PATHS = NO;
				CLANG_ANALYZER_NONNULL = YES;
				CLANG_ANALYZER_NUMBER_OBJECT_CONVERSION = YES_AGGRESSIVE;
				CLANG_CXX_LANGUAGE_STANDARD = "gnu++20";
				CLANG_ENABLE_MODULES = YES;
				CLANG_ENABLE_OBJC_ARC = YES;
				CLANG_ENABLE_OBJC_WEAK = YES;
				CLANG_WARN_BLOCK_CAPTURE_AUTORELEASING = YES;
				CLANG_WARN_BOOL_CONVERSION = YES;
				CLANG_WARN_COMMA = YES;
				CLANG_WARN_CONSTANT_CONVERSION = YES;
				CLANG_WARN_DEPRECATED_OBJC_IMPLEMENTATIONS = YES;
				CLANG_WARN_DIRECT_OBJC_ISA_USAGE = YES_ERROR;
				CLANG_WARN_DOCUMENTATION_COMMENTS = YES;
				CLANG_WARN_EMPTY_BODY = YES;
				CLANG_WARN_ENUM_CONVERSION = YES;
				CLANG_WARN_INFINITE_RECURSION = YES;
				CLANG_WARN_INT_CONVERSION = YES;
				CLANG_WARN_NON_LITERAL_NULL_CONVERSION = YES;
				CLANG_WARN_OBJC_IMPLICIT_RETAIN_SELF = YES;
				CLANG_WARN_OBJC_LITERAL_CONVERSION = YES;
				CLANG_WARN_OBJC_ROOT_CLASS = YES_ERROR;
				CLANG_WARN_QUOTED_INCLUDE_IN_FRAMEWORK_HEADER = YES;
				CLANG_WARN_RANGE_LOOP_ANALYSIS = YES;
				CLANG_WARN_STRICT_PROTOTYPES = YES;
				CLANG_WARN_SUSPICIOUS_MOVE = YES;
				CLANG_WARN_UNGUARDED_AVAILABILITY = YES_AGGRESSIVE;
				CLANG_WARN_UNREACHABLE_CODE = YES;
				CLANG_WARN__DUPLICATE_METHOD_MATCH = YES;
				COPY_PHASE_STRIP = NO;
				DEBUG_INFORMATION_FORMAT = dwarf;
				ENABLE_STRICT_OBJC_MSGSEND = YES;
				ENABLE_TESTABILITY = YES;
				GCC_C_LANGUAGE_STANDARD = gnu11;
				GCC_DYNAMIC_NO_PIC = NO;
				GCC_NO_COMMON_BLOCKS = YES;
				GCC_OPTIMIZATION_LEVEL = 0;
				GCC_PREPROCESSOR_DEFINITIONS = (
					"DEBUG=1",
					"$(inherited)",
				);
				GCC_WARN_64_TO_32_BIT_CONVERSION = YES;
				GCC_WARN_ABOUT_RETURN_TYPE = YES_ERROR;
				GCC_WARN_UNDECLARED_SELECTOR = YES;
				GCC_WARN_UNINITIALIZED_AUTOS = YES_AGGRESSIVE;
				GCC_WARN_UNUSED_FUNCTION = YES;
				GCC_WARN_UNUSED_VARIABLE = YES;
				MOMC_NO_INVERSE_RELATIONSHIP_WARNINGS = NO;
				MTL_ENABLE_DEBUG_INFO = INCLUDE_SOURCE;
				MTL_FAST_MATH = YES;
				ONLY_ACTIVE_ARCH = YES;
				SWIFT_ACTIVE_COMPILATION_CONDITIONS = DEBUG;
				SWIFT_OPTIMIZATION_LEVEL = "-Onone";
			};
			name = Debug;
		};
		DA6A44B52920EB2C00DCEDBB /* Release */ = {
			isa = XCBuildConfiguration;
			buildSettings = {
				ALWAYS_SEARCH_USER_PATHS = NO;
				CLANG_ANALYZER_NONNULL = YES;
				CLANG_ANALYZER_NUMBER_OBJECT_CONVERSION = YES_AGGRESSIVE;
				CLANG_CXX_LANGUAGE_STANDARD = "gnu++20";
				CLANG_ENABLE_MODULES = YES;
				CLANG_ENABLE_OBJC_ARC = YES;
				CLANG_ENABLE_OBJC_WEAK = YES;
				CLANG_WARN_BLOCK_CAPTURE_AUTORELEASING = YES;
				CLANG_WARN_BOOL_CONVERSION = YES;
				CLANG_WARN_COMMA = YES;
				CLANG_WARN_CONSTANT_CONVERSION = YES;
				CLANG_WARN_DEPRECATED_OBJC_IMPLEMENTATIONS = YES;
				CLANG_WARN_DIRECT_OBJC_ISA_USAGE = YES_ERROR;
				CLANG_WARN_DOCUMENTATION_COMMENTS = YES;
				CLANG_WARN_EMPTY_BODY = YES;
				CLANG_WARN_ENUM_CONVERSION = YES;
				CLANG_WARN_INFINITE_RECURSION = YES;
				CLANG_WARN_INT_CONVERSION = YES;
				CLANG_WARN_NON_LITERAL_NULL_CONVERSION = YES;
				CLANG_WARN_OBJC_IMPLICIT_RETAIN_SELF = YES;
				CLANG_WARN_OBJC_LITERAL_CONVERSION = YES;
				CLANG_WARN_OBJC_ROOT_CLASS = YES_ERROR;
				CLANG_WARN_QUOTED_INCLUDE_IN_FRAMEWORK_HEADER = YES;
				CLANG_WARN_RANGE_LOOP_ANALYSIS = YES;
				CLANG_WARN_STRICT_PROTOTYPES = YES;
				CLANG_WARN_SUSPICIOUS_MOVE = YES;
				CLANG_WARN_UNGUARDED_AVAILABILITY = YES_AGGRESSIVE;
				CLANG_WARN_UNREACHABLE_CODE = YES;
				CLANG_WARN__DUPLICATE_METHOD_MATCH = YES;
				COPY_PHASE_STRIP = NO;
				DEBUG_INFORMATION_FORMAT = "dwarf-with-dsym";
				ENABLE_NS_ASSERTIONS = NO;
				ENABLE_STRICT_OBJC_MSGSEND = YES;
				GCC_C_LANGUAGE_STANDARD = gnu11;
				GCC_NO_COMMON_BLOCKS = YES;
				GCC_WARN_64_TO_32_BIT_CONVERSION = YES;
				GCC_WARN_ABOUT_RETURN_TYPE = YES_ERROR;
				GCC_WARN_UNDECLARED_SELECTOR = YES;
				GCC_WARN_UNINITIALIZED_AUTOS = YES_AGGRESSIVE;
				GCC_WARN_UNUSED_FUNCTION = YES;
				GCC_WARN_UNUSED_VARIABLE = YES;
				MOMC_NO_INVERSE_RELATIONSHIP_WARNINGS = NO;
				MTL_ENABLE_DEBUG_INFO = NO;
				MTL_FAST_MATH = YES;
				SWIFT_COMPILATION_MODE = wholemodule;
				SWIFT_OPTIMIZATION_LEVEL = "-O";
			};
			name = Release;
		};
		DA6A44B72920EB2C00DCEDBB /* Debug */ = {
			isa = XCBuildConfiguration;
			buildSettings = {
				ALWAYS_EMBED_SWIFT_STANDARD_LIBRARIES = YES;
				ASSETCATALOG_COMPILER_APPICON_NAME = AppIcon;
				ASSETCATALOG_COMPILER_GLOBAL_ACCENT_COLOR_NAME = AccentColor;
				CLANG_ENABLE_MODULES = YES;
				CODE_SIGN_ENTITLEMENTS = Profiler/Profiler.entitlements;
				CODE_SIGN_STYLE = Automatic;
				CURRENT_PROJECT_VERSION = 1;
				DEVELOPMENT_ASSET_PATHS = "\"Profiler/Preview Content\"";
				ENABLE_PREVIEWS = YES;
				GENERATE_INFOPLIST_FILE = YES;
				INFOPLIST_FILE = Profiler/Info.plist;
				"INFOPLIST_KEY_UIApplicationSceneManifest_Generation[sdk=iphoneos*]" = YES;
				"INFOPLIST_KEY_UIApplicationSceneManifest_Generation[sdk=iphonesimulator*]" = YES;
				"INFOPLIST_KEY_UIApplicationSupportsIndirectInputEvents[sdk=iphoneos*]" = YES;
				"INFOPLIST_KEY_UIApplicationSupportsIndirectInputEvents[sdk=iphonesimulator*]" = YES;
				"INFOPLIST_KEY_UILaunchScreen_Generation[sdk=iphoneos*]" = YES;
				"INFOPLIST_KEY_UILaunchScreen_Generation[sdk=iphonesimulator*]" = YES;
				"INFOPLIST_KEY_UIStatusBarStyle[sdk=iphoneos*]" = UIStatusBarStyleDefault;
				"INFOPLIST_KEY_UIStatusBarStyle[sdk=iphonesimulator*]" = UIStatusBarStyleDefault;
				INFOPLIST_KEY_UISupportedInterfaceOrientations_iPad = "UIInterfaceOrientationPortrait UIInterfaceOrientationPortraitUpsideDown UIInterfaceOrientationLandscapeLeft UIInterfaceOrientationLandscapeRight";
				INFOPLIST_KEY_UISupportedInterfaceOrientations_iPhone = "UIInterfaceOrientationPortrait UIInterfaceOrientationLandscapeLeft UIInterfaceOrientationLandscapeRight";
				IPHONEOS_DEPLOYMENT_TARGET = 16.1;
				LD_RUNPATH_SEARCH_PATHS = "@executable_path/Frameworks";
				"LD_RUNPATH_SEARCH_PATHS[sdk=macosx*]" = "@executable_path/../Frameworks";
				MACOSX_DEPLOYMENT_TARGET = 13.0;
				MARKETING_VERSION = 1.0;
				PRODUCT_BUNDLE_IDENTIFIER = com.github.Yuri6037.Profiler;
				PRODUCT_NAME = "$(TARGET_NAME)";
				SDKROOT = auto;
				SUPPORTED_PLATFORMS = "iphoneos iphonesimulator macosx";
				SWIFT_EMIT_LOC_STRINGS = YES;
				SWIFT_OBJC_BRIDGING_HEADER = "Profiler/Profiler-Bridging-Header.h";
				SWIFT_OPTIMIZATION_LEVEL = "-Onone";
				SWIFT_VERSION = 5.0;
				TARGETED_DEVICE_FAMILY = "1,2";
			};
			name = Debug;
		};
		DA6A44B82920EB2C00DCEDBB /* Release */ = {
			isa = XCBuildConfiguration;
			buildSettings = {
				ALWAYS_EMBED_SWIFT_STANDARD_LIBRARIES = YES;
				ASSETCATALOG_COMPILER_APPICON_NAME = AppIcon;
				ASSETCATALOG_COMPILER_GLOBAL_ACCENT_COLOR_NAME = AccentColor;
				CLANG_ENABLE_MODULES = YES;
				CODE_SIGN_ENTITLEMENTS = Profiler/Profiler.entitlements;
				CODE_SIGN_STYLE = Automatic;
				CURRENT_PROJECT_VERSION = 1;
				DEVELOPMENT_ASSET_PATHS = "\"Profiler/Preview Content\"";
				ENABLE_PREVIEWS = YES;
				GENERATE_INFOPLIST_FILE = YES;
				INFOPLIST_FILE = Profiler/Info.plist;
				"INFOPLIST_KEY_UIApplicationSceneManifest_Generation[sdk=iphoneos*]" = YES;
				"INFOPLIST_KEY_UIApplicationSceneManifest_Generation[sdk=iphonesimulator*]" = YES;
				"INFOPLIST_KEY_UIApplicationSupportsIndirectInputEvents[sdk=iphoneos*]" = YES;
				"INFOPLIST_KEY_UIApplicationSupportsIndirectInputEvents[sdk=iphonesimulator*]" = YES;
				"INFOPLIST_KEY_UILaunchScreen_Generation[sdk=iphoneos*]" = YES;
				"INFOPLIST_KEY_UILaunchScreen_Generation[sdk=iphonesimulator*]" = YES;
				"INFOPLIST_KEY_UIStatusBarStyle[sdk=iphoneos*]" = UIStatusBarStyleDefault;
				"INFOPLIST_KEY_UIStatusBarStyle[sdk=iphonesimulator*]" = UIStatusBarStyleDefault;
				INFOPLIST_KEY_UISupportedInterfaceOrientations_iPad = "UIInterfaceOrientationPortrait UIInterfaceOrientationPortraitUpsideDown UIInterfaceOrientationLandscapeLeft UIInterfaceOrientationLandscapeRight";
				INFOPLIST_KEY_UISupportedInterfaceOrientations_iPhone = "UIInterfaceOrientationPortrait UIInterfaceOrientationLandscapeLeft UIInterfaceOrientationLandscapeRight";
				IPHONEOS_DEPLOYMENT_TARGET = 16.1;
				LD_RUNPATH_SEARCH_PATHS = "@executable_path/Frameworks";
				"LD_RUNPATH_SEARCH_PATHS[sdk=macosx*]" = "@executable_path/../Frameworks";
				MACOSX_DEPLOYMENT_TARGET = 13.0;
				MARKETING_VERSION = 1.0;
				PRODUCT_BUNDLE_IDENTIFIER = com.github.Yuri6037.Profiler;
				PRODUCT_NAME = "$(TARGET_NAME)";
				SDKROOT = auto;
				SUPPORTED_PLATFORMS = "iphoneos iphonesimulator macosx";
				SWIFT_EMIT_LOC_STRINGS = YES;
				SWIFT_OBJC_BRIDGING_HEADER = "Profiler/Profiler-Bridging-Header.h";
				SWIFT_VERSION = 5.0;
				TARGETED_DEVICE_FAMILY = "1,2";
			};
			name = Release;
		};
		DA6A44BA2920EB2C00DCEDBB /* Debug */ = {
			isa = XCBuildConfiguration;
			buildSettings = {
				ALWAYS_EMBED_SWIFT_STANDARD_LIBRARIES = YES;
				BUNDLE_LOADER = "$(TEST_HOST)";
				CLANG_ENABLE_MODULES = YES;
				CODE_SIGN_STYLE = Automatic;
				CURRENT_PROJECT_VERSION = 1;
				GENERATE_INFOPLIST_FILE = YES;
				IPHONEOS_DEPLOYMENT_TARGET = 16.1;
				LD_RUNPATH_SEARCH_PATHS = (
					"$(inherited)",
					"@executable_path/Frameworks",
					"@loader_path/Frameworks",
				);
				MACOSX_DEPLOYMENT_TARGET = 13.0;
				MARKETING_VERSION = 1.0;
				PRODUCT_BUNDLE_IDENTIFIER = com.github.BlockProject3D.ProfilerTests;
				PRODUCT_NAME = "$(TARGET_NAME)";
				SDKROOT = auto;
				SUPPORTED_PLATFORMS = "iphoneos iphonesimulator macosx";
				SWIFT_EMIT_LOC_STRINGS = NO;
				SWIFT_OBJC_BRIDGING_HEADER = "ProfilerTests/ProfilerTests-Bridging-Header.h";
				SWIFT_OPTIMIZATION_LEVEL = "-Onone";
				SWIFT_VERSION = 5.0;
				TARGETED_DEVICE_FAMILY = "1,2";
				TEST_HOST = "$(BUILT_PRODUCTS_DIR)/Profiler.app/$(BUNDLE_EXECUTABLE_FOLDER_PATH)/Profiler";
			};
			name = Debug;
		};
		DA6A44BB2920EB2C00DCEDBB /* Release */ = {
			isa = XCBuildConfiguration;
			buildSettings = {
				ALWAYS_EMBED_SWIFT_STANDARD_LIBRARIES = YES;
				BUNDLE_LOADER = "$(TEST_HOST)";
				CLANG_ENABLE_MODULES = YES;
				CODE_SIGN_STYLE = Automatic;
				CURRENT_PROJECT_VERSION = 1;
				GENERATE_INFOPLIST_FILE = YES;
				IPHONEOS_DEPLOYMENT_TARGET = 16.1;
				LD_RUNPATH_SEARCH_PATHS = (
					"$(inherited)",
					"@executable_path/Frameworks",
					"@loader_path/Frameworks",
				);
				MACOSX_DEPLOYMENT_TARGET = 13.0;
				MARKETING_VERSION = 1.0;
				PRODUCT_BUNDLE_IDENTIFIER = com.github.BlockProject3D.ProfilerTests;
				PRODUCT_NAME = "$(TARGET_NAME)";
				SDKROOT = auto;
				SUPPORTED_PLATFORMS = "iphoneos iphonesimulator macosx";
				SWIFT_EMIT_LOC_STRINGS = NO;
				SWIFT_OBJC_BRIDGING_HEADER = "ProfilerTests/ProfilerTests-Bridging-Header.h";
				SWIFT_VERSION = 5.0;
				TARGETED_DEVICE_FAMILY = "1,2";
				TEST_HOST = "$(BUILT_PRODUCTS_DIR)/Profiler.app/$(BUNDLE_EXECUTABLE_FOLDER_PATH)/Profiler";
			};
			name = Release;
		};
		DA6A44BD2920EB2C00DCEDBB /* Debug */ = {
			isa = XCBuildConfiguration;
			buildSettings = {
				ALWAYS_EMBED_SWIFT_STANDARD_LIBRARIES = YES;
				CODE_SIGN_STYLE = Automatic;
				CURRENT_PROJECT_VERSION = 1;
				GENERATE_INFOPLIST_FILE = YES;
				IPHONEOS_DEPLOYMENT_TARGET = 16.1;
				MACOSX_DEPLOYMENT_TARGET = 13.0;
				MARKETING_VERSION = 1.0;
				PRODUCT_BUNDLE_IDENTIFIER = com.github.BlockProject3D.ProfilerUITests;
				PRODUCT_NAME = "$(TARGET_NAME)";
				SDKROOT = auto;
				SUPPORTED_PLATFORMS = "iphoneos iphonesimulator macosx";
				SWIFT_EMIT_LOC_STRINGS = NO;
				SWIFT_VERSION = 5.0;
				TARGETED_DEVICE_FAMILY = "1,2";
				TEST_TARGET_NAME = Profiler;
			};
			name = Debug;
		};
		DA6A44BE2920EB2C00DCEDBB /* Release */ = {
			isa = XCBuildConfiguration;
			buildSettings = {
				ALWAYS_EMBED_SWIFT_STANDARD_LIBRARIES = YES;
				CODE_SIGN_STYLE = Automatic;
				CURRENT_PROJECT_VERSION = 1;
				GENERATE_INFOPLIST_FILE = YES;
				IPHONEOS_DEPLOYMENT_TARGET = 16.1;
				MACOSX_DEPLOYMENT_TARGET = 13.0;
				MARKETING_VERSION = 1.0;
				PRODUCT_BUNDLE_IDENTIFIER = com.github.BlockProject3D.ProfilerUITests;
				PRODUCT_NAME = "$(TARGET_NAME)";
				SDKROOT = auto;
				SUPPORTED_PLATFORMS = "iphoneos iphonesimulator macosx";
				SWIFT_EMIT_LOC_STRINGS = NO;
				SWIFT_VERSION = 5.0;
				TARGETED_DEVICE_FAMILY = "1,2";
				TEST_TARGET_NAME = Profiler;
			};
			name = Release;
		};
		DA6D169829473A0400CAB4D7 /* Debug */ = {
			isa = XCBuildConfiguration;
			buildSettings = {
				CLANG_ENABLE_MODULES = YES;
				CODE_SIGN_STYLE = Automatic;
				COMBINE_HIDPI_IMAGES = YES;
				CURRENT_PROJECT_VERSION = 1;
				DEFINES_MODULE = YES;
				DYLIB_COMPATIBILITY_VERSION = 1;
				DYLIB_CURRENT_VERSION = 1;
				DYLIB_INSTALL_NAME_BASE = "@rpath";
				GENERATE_INFOPLIST_FILE = YES;
				INFOPLIST_KEY_NSHumanReadableCopyright = "";
				INSTALL_PATH = "$(LOCAL_LIBRARY_DIR)/Frameworks";
				LD_RUNPATH_SEARCH_PATHS = (
					"$(inherited)",
					"@executable_path/../Frameworks",
					"@loader_path/Frameworks",
				);
				MACOSX_DEPLOYMENT_TARGET = 13.0;
				MARKETING_VERSION = 1.0;
				PRODUCT_BUNDLE_IDENTIFIER = com.github.Yuri6037.ProfilerServiceView;
				PRODUCT_NAME = "$(TARGET_NAME:c99extidentifier)";
				SDKROOT = macosx;
				SKIP_INSTALL = YES;
				SWIFT_EMIT_LOC_STRINGS = YES;
				SWIFT_OPTIMIZATION_LEVEL = "-Onone";
				SWIFT_VERSION = 5.0;
				VERSIONING_SYSTEM = "apple-generic";
				VERSION_INFO_PREFIX = "";
			};
			name = Debug;
		};
		DA6D169929473A0400CAB4D7 /* Release */ = {
			isa = XCBuildConfiguration;
			buildSettings = {
				CLANG_ENABLE_MODULES = YES;
				CODE_SIGN_STYLE = Automatic;
				COMBINE_HIDPI_IMAGES = YES;
				CURRENT_PROJECT_VERSION = 1;
				DEFINES_MODULE = YES;
				DYLIB_COMPATIBILITY_VERSION = 1;
				DYLIB_CURRENT_VERSION = 1;
				DYLIB_INSTALL_NAME_BASE = "@rpath";
				GENERATE_INFOPLIST_FILE = YES;
				INFOPLIST_KEY_NSHumanReadableCopyright = "";
				INSTALL_PATH = "$(LOCAL_LIBRARY_DIR)/Frameworks";
				LD_RUNPATH_SEARCH_PATHS = (
					"$(inherited)",
					"@executable_path/../Frameworks",
					"@loader_path/Frameworks",
				);
				MACOSX_DEPLOYMENT_TARGET = 13.0;
				MARKETING_VERSION = 1.0;
				PRODUCT_BUNDLE_IDENTIFIER = com.github.Yuri6037.ProfilerServiceView;
				PRODUCT_NAME = "$(TARGET_NAME:c99extidentifier)";
				SDKROOT = macosx;
				SKIP_INSTALL = YES;
				SWIFT_EMIT_LOC_STRINGS = YES;
				SWIFT_VERSION = 5.0;
				VERSIONING_SYSTEM = "apple-generic";
				VERSION_INFO_PREFIX = "";
			};
			name = Release;
		};
		DA6D16AA29473DA300CAB4D7 /* Debug */ = {
			isa = XCBuildConfiguration;
			buildSettings = {
				CODE_SIGN_STYLE = Automatic;
				CURRENT_PROJECT_VERSION = 1;
				DEFINES_MODULE = YES;
				DYLIB_COMPATIBILITY_VERSION = 1;
				DYLIB_CURRENT_VERSION = 1;
				DYLIB_INSTALL_NAME_BASE = "@rpath";
				GENERATE_INFOPLIST_FILE = YES;
				INFOPLIST_KEY_NSHumanReadableCopyright = "";
				INSTALL_PATH = "$(LOCAL_LIBRARY_DIR)/Frameworks";
				IPHONEOS_DEPLOYMENT_TARGET = 16.1;
				LD_RUNPATH_SEARCH_PATHS = (
					"@executable_path/Frameworks",
					"@loader_path/Frameworks",
				);
				"LD_RUNPATH_SEARCH_PATHS[sdk=macosx*]" = (
					"@executable_path/../Frameworks",
					"@loader_path/Frameworks",
				);
				MACOSX_DEPLOYMENT_TARGET = 13.0;
				MARKETING_VERSION = 1.0;
				PRODUCT_BUNDLE_IDENTIFIER = com.github.Yuri6037.ErrorHandler;
				PRODUCT_NAME = "$(TARGET_NAME:c99extidentifier)";
				SDKROOT = auto;
				SKIP_INSTALL = YES;
				SUPPORTED_PLATFORMS = "iphoneos iphonesimulator macosx";
				SWIFT_EMIT_LOC_STRINGS = YES;
				SWIFT_VERSION = 5.0;
				TARGETED_DEVICE_FAMILY = "1,2";
				VERSIONING_SYSTEM = "apple-generic";
				VERSION_INFO_PREFIX = "";
			};
			name = Debug;
		};
		DA6D16AB29473DA300CAB4D7 /* Release */ = {
			isa = XCBuildConfiguration;
			buildSettings = {
				CODE_SIGN_STYLE = Automatic;
				CURRENT_PROJECT_VERSION = 1;
				DEFINES_MODULE = YES;
				DYLIB_COMPATIBILITY_VERSION = 1;
				DYLIB_CURRENT_VERSION = 1;
				DYLIB_INSTALL_NAME_BASE = "@rpath";
				GENERATE_INFOPLIST_FILE = YES;
				INFOPLIST_KEY_NSHumanReadableCopyright = "";
				INSTALL_PATH = "$(LOCAL_LIBRARY_DIR)/Frameworks";
				IPHONEOS_DEPLOYMENT_TARGET = 16.1;
				LD_RUNPATH_SEARCH_PATHS = (
					"@executable_path/Frameworks",
					"@loader_path/Frameworks",
				);
				"LD_RUNPATH_SEARCH_PATHS[sdk=macosx*]" = (
					"@executable_path/../Frameworks",
					"@loader_path/Frameworks",
				);
				MACOSX_DEPLOYMENT_TARGET = 13.0;
				MARKETING_VERSION = 1.0;
				PRODUCT_BUNDLE_IDENTIFIER = com.github.Yuri6037.ErrorHandler;
				PRODUCT_NAME = "$(TARGET_NAME:c99extidentifier)";
				SDKROOT = auto;
				SKIP_INSTALL = YES;
				SUPPORTED_PLATFORMS = "iphoneos iphonesimulator macosx";
				SWIFT_EMIT_LOC_STRINGS = YES;
				SWIFT_VERSION = 5.0;
				TARGETED_DEVICE_FAMILY = "1,2";
				VERSIONING_SYSTEM = "apple-generic";
				VERSION_INFO_PREFIX = "";
			};
			name = Release;
		};
		DAF8FAC129431C9500404F75 /* Debug */ = {
			isa = XCBuildConfiguration;
			buildSettings = {
				CODE_SIGN_STYLE = Automatic;
				COMBINE_HIDPI_IMAGES = YES;
				CURRENT_PROJECT_VERSION = 1;
				DEFINES_MODULE = YES;
				DYLIB_COMPATIBILITY_VERSION = 1;
				DYLIB_CURRENT_VERSION = 1;
				DYLIB_INSTALL_NAME_BASE = "@rpath";
				GENERATE_INFOPLIST_FILE = YES;
				INFOPLIST_KEY_NSHumanReadableCopyright = "";
				INSTALL_PATH = "$(LOCAL_LIBRARY_DIR)/Frameworks";
				LD_RUNPATH_SEARCH_PATHS = (
					"$(inherited)",
					"@executable_path/../Frameworks",
					"@loader_path/Frameworks",
				);
				MACOSX_DEPLOYMENT_TARGET = 13.0;
				MARKETING_VERSION = 1.0;
				PRODUCT_BUNDLE_IDENTIFIER = com.github.Yuri6037.ProfilerBackend;
				PRODUCT_NAME = "$(TARGET_NAME:c99extidentifier)";
				SDKROOT = macosx;
				SKIP_INSTALL = YES;
				SWIFT_EMIT_LOC_STRINGS = YES;
				VERSIONING_SYSTEM = "apple-generic";
				VERSION_INFO_PREFIX = "";
			};
			name = Debug;
		};
		DAF8FAC229431C9500404F75 /* Release */ = {
			isa = XCBuildConfiguration;
			buildSettings = {
				CODE_SIGN_STYLE = Automatic;
				COMBINE_HIDPI_IMAGES = YES;
				CURRENT_PROJECT_VERSION = 1;
				DEFINES_MODULE = YES;
				DYLIB_COMPATIBILITY_VERSION = 1;
				DYLIB_CURRENT_VERSION = 1;
				DYLIB_INSTALL_NAME_BASE = "@rpath";
				GENERATE_INFOPLIST_FILE = YES;
				INFOPLIST_KEY_NSHumanReadableCopyright = "";
				INSTALL_PATH = "$(LOCAL_LIBRARY_DIR)/Frameworks";
				LD_RUNPATH_SEARCH_PATHS = (
					"$(inherited)",
					"@executable_path/../Frameworks",
					"@loader_path/Frameworks",
				);
				MACOSX_DEPLOYMENT_TARGET = 13.0;
				MARKETING_VERSION = 1.0;
				PRODUCT_BUNDLE_IDENTIFIER = com.github.Yuri6037.ProfilerBackend;
				PRODUCT_NAME = "$(TARGET_NAME:c99extidentifier)";
				SDKROOT = macosx;
				SKIP_INSTALL = YES;
				SWIFT_EMIT_LOC_STRINGS = YES;
				VERSIONING_SYSTEM = "apple-generic";
				VERSION_INFO_PREFIX = "";
			};
			name = Release;
		};
/* End XCBuildConfiguration section */

/* Begin XCConfigurationList section */
		DA6A44872920EB2B00DCEDBB /* Build configuration list for PBXProject "Profiler" */ = {
			isa = XCConfigurationList;
			buildConfigurations = (
				DA6A44B42920EB2C00DCEDBB /* Debug */,
				DA6A44B52920EB2C00DCEDBB /* Release */,
			);
			defaultConfigurationIsVisible = 0;
			defaultConfigurationName = Release;
		};
		DA6A44B62920EB2C00DCEDBB /* Build configuration list for PBXNativeTarget "Profiler" */ = {
			isa = XCConfigurationList;
			buildConfigurations = (
				DA6A44B72920EB2C00DCEDBB /* Debug */,
				DA6A44B82920EB2C00DCEDBB /* Release */,
			);
			defaultConfigurationIsVisible = 0;
			defaultConfigurationName = Release;
		};
		DA6A44B92920EB2C00DCEDBB /* Build configuration list for PBXNativeTarget "ProfilerTests" */ = {
			isa = XCConfigurationList;
			buildConfigurations = (
				DA6A44BA2920EB2C00DCEDBB /* Debug */,
				DA6A44BB2920EB2C00DCEDBB /* Release */,
			);
			defaultConfigurationIsVisible = 0;
			defaultConfigurationName = Release;
		};
		DA6A44BC2920EB2C00DCEDBB /* Build configuration list for PBXNativeTarget "ProfilerUITests" */ = {
			isa = XCConfigurationList;
			buildConfigurations = (
				DA6A44BD2920EB2C00DCEDBB /* Debug */,
				DA6A44BE2920EB2C00DCEDBB /* Release */,
			);
			defaultConfigurationIsVisible = 0;
			defaultConfigurationName = Release;
		};
		DA6D169729473A0400CAB4D7 /* Build configuration list for PBXNativeTarget "ProfilerServiceView" */ = {
			isa = XCConfigurationList;
			buildConfigurations = (
				DA6D169829473A0400CAB4D7 /* Debug */,
				DA6D169929473A0400CAB4D7 /* Release */,
			);
			defaultConfigurationIsVisible = 0;
			defaultConfigurationName = Release;
		};
		DA6D16A929473DA300CAB4D7 /* Build configuration list for PBXNativeTarget "ErrorHandler" */ = {
			isa = XCConfigurationList;
			buildConfigurations = (
				DA6D16AA29473DA300CAB4D7 /* Debug */,
				DA6D16AB29473DA300CAB4D7 /* Release */,
			);
			defaultConfigurationIsVisible = 0;
			defaultConfigurationName = Release;
		};
		DAF8FAC529431C9500404F75 /* Build configuration list for PBXNativeTarget "ProfilerBackend" */ = {
			isa = XCConfigurationList;
			buildConfigurations = (
				DAF8FAC129431C9500404F75 /* Debug */,
				DAF8FAC229431C9500404F75 /* Release */,
			);
			defaultConfigurationIsVisible = 0;
			defaultConfigurationName = Release;
		};
/* End XCConfigurationList section */

/* Begin XCVersionGroup section */
		DA6A44C52921431A00DCEDBB /* Profiler.xcdatamodeld */ = {
			isa = XCVersionGroup;
			children = (
				DA6A44C62921431A00DCEDBB /* Profiler.xcdatamodel */,
			);
			currentVersion = DA6A44C62921431A00DCEDBB /* Profiler.xcdatamodel */;
			path = Profiler.xcdatamodeld;
			sourceTree = "<group>";
			versionGroupType = wrapper.xcdatamodel;
		};
/* End XCVersionGroup section */
	};
	rootObject = DA6A44842920EB2B00DCEDBB /* Project object */;
}
