// !$*UTF8*$!
{
	archiveVersion = 1;
	classes = {
	};
	objectVersion = 56;
	objects = {

/* Begin PBXBuildFile section */
		DA17E7F02A12B84300554B8A /* ProfilerApp.swift in Sources */ = {isa = PBXBuildFile; fileRef = DA17E7EF2A12B84300554B8A /* ProfilerApp.swift */; };
		DA17E7F22A12B84300554B8A /* Persistence.swift in Sources */ = {isa = PBXBuildFile; fileRef = DA17E7F12A12B84300554B8A /* Persistence.swift */; };
		DA17E7F52A12B84300554B8A /* Profiler.xcdatamodeld in Sources */ = {isa = PBXBuildFile; fileRef = DA17E7F32A12B84300554B8A /* Profiler.xcdatamodeld */; };
		DA17E7F92A12B84400554B8A /* Assets.xcassets in Resources */ = {isa = PBXBuildFile; fileRef = DA17E7F82A12B84400554B8A /* Assets.xcassets */; };
		DA17E7FD2A12B84400554B8A /* Preview Assets.xcassets in Resources */ = {isa = PBXBuildFile; fileRef = DA17E7FC2A12B84400554B8A /* Preview Assets.xcassets */; };
		DA17E8072A12B84400554B8A /* ProfilerTests.swift in Sources */ = {isa = PBXBuildFile; fileRef = DA17E8062A12B84400554B8A /* ProfilerTests.swift */; };
		DA17E8112A12B84400554B8A /* ProfilerUITests.swift in Sources */ = {isa = PBXBuildFile; fileRef = DA17E8102A12B84400554B8A /* ProfilerUITests.swift */; };
		DA17E8132A12B84400554B8A /* ProfilerUITestsLaunchTests.swift in Sources */ = {isa = PBXBuildFile; fileRef = DA17E8122A12B84400554B8A /* ProfilerUITestsLaunchTests.swift */; };
		DA17E82F2A12BACA00554B8A /* Protocol.framework in Frameworks */ = {isa = PBXBuildFile; fileRef = DA17E8272A12BACA00554B8A /* Protocol.framework */; };
		DA17E8362A12BACA00554B8A /* ProtocolTests.swift in Sources */ = {isa = PBXBuildFile; fileRef = DA17E8352A12BACA00554B8A /* ProtocolTests.swift */; };
		DA17E8372A12BACA00554B8A /* Protocol.h in Headers */ = {isa = PBXBuildFile; fileRef = DA17E8292A12BACA00554B8A /* Protocol.h */; settings = {ATTRIBUTES = (Public, ); }; };
		DA17E83A2A12BACA00554B8A /* Protocol.framework in Frameworks */ = {isa = PBXBuildFile; fileRef = DA17E8272A12BACA00554B8A /* Protocol.framework */; };
		DA17E83B2A12BACA00554B8A /* Protocol.framework in Embed Frameworks */ = {isa = PBXBuildFile; fileRef = DA17E8272A12BACA00554B8A /* Protocol.framework */; settings = {ATTRIBUTES = (CodeSignOnCopy, RemoveHeadersOnCopy, ); }; };
		DA17E8442A12BADD00554B8A /* NetManager.swift in Sources */ = {isa = PBXBuildFile; fileRef = DA17E8432A12BADD00554B8A /* NetManager.swift */; };
		DA17E8462A12BAE600554B8A /* Constants.swift in Sources */ = {isa = PBXBuildFile; fileRef = DA17E8452A12BAE600554B8A /* Constants.swift */; };
		DA1AB3D02A862A90008DBB2D /* LineChart.swift in Sources */ = {isa = PBXBuildFile; fileRef = DA1AB3C22A862A90008DBB2D /* LineChart.swift */; };
		DA1AB3D12A862A90008DBB2D /* NodeFilters.swift in Sources */ = {isa = PBXBuildFile; fileRef = DA1AB3C32A862A90008DBB2D /* NodeFilters.swift */; };
		DA1AB3D22A862A90008DBB2D /* ProjectDetails.swift in Sources */ = {isa = PBXBuildFile; fileRef = DA1AB3C42A862A90008DBB2D /* ProjectDetails.swift */; };
		DA1AB3D32A862A90008DBB2D /* SpanNodeDetails.swift in Sources */ = {isa = PBXBuildFile; fileRef = DA1AB3C52A862A90008DBB2D /* SpanNodeDetails.swift */; };
		DA1AB3D42A862A90008DBB2D /* SpanRunTable.swift in Sources */ = {isa = PBXBuildFile; fileRef = DA1AB3C62A862A90008DBB2D /* SpanRunTable.swift */; };
		DA1AB3D52A862A90008DBB2D /* SpanNodeInfo.swift in Sources */ = {isa = PBXBuildFile; fileRef = DA1AB3C72A862A90008DBB2D /* SpanNodeInfo.swift */; };
		DA1AB3D62A862A90008DBB2D /* SpanEventTable.swift in Sources */ = {isa = PBXBuildFile; fileRef = DA1AB3C82A862A90008DBB2D /* SpanEventTable.swift */; };
		DA1AB3D72A862A90008DBB2D /* DisplayModels.swift in Sources */ = {isa = PBXBuildFile; fileRef = DA1AB3CA2A862A90008DBB2D /* DisplayModels.swift */; };
		DA1AB3D82A862A90008DBB2D /* ToolButton.swift in Sources */ = {isa = PBXBuildFile; fileRef = DA1AB3CB2A862A90008DBB2D /* ToolButton.swift */; };
		DA1AB3D92A862A90008DBB2D /* ContentView.swift in Sources */ = {isa = PBXBuildFile; fileRef = DA1AB3CC2A862A90008DBB2D /* ContentView.swift */; };
		DA1AB3DA2A862A90008DBB2D /* ProjectLink.swift in Sources */ = {isa = PBXBuildFile; fileRef = DA1AB3CD2A862A90008DBB2D /* ProjectLink.swift */; };
		DA1AB3DB2A862A90008DBB2D /* ProjectInfo.swift in Sources */ = {isa = PBXBuildFile; fileRef = DA1AB3CE2A862A90008DBB2D /* ProjectInfo.swift */; };
		DA1AB3DD2A862B87008DBB2D /* ErrorHandler.swift in Sources */ = {isa = PBXBuildFile; fileRef = DA1AB3DC2A862B87008DBB2D /* ErrorHandler.swift */; };
		DA1AB3DF2A862D6B008DBB2D /* Hacks.swift in Sources */ = {isa = PBXBuildFile; fileRef = DA1AB3DE2A862D6B008DBB2D /* Hacks.swift */; };
		DA270D912A8AA6E500AE5707 /* MessageSpanAlloc.swift in Sources */ = {isa = PBXBuildFile; fileRef = DA270D902A8AA6E500AE5707 /* MessageSpanAlloc.swift */; };
		DA270D932A8AA74F00AE5707 /* ComponentMetadata.swift in Sources */ = {isa = PBXBuildFile; fileRef = DA270D922A8AA74F00AE5707 /* ComponentMetadata.swift */; };
		DA2A7EB92A8534AA009B454D /* Project.swift in Sources */ = {isa = PBXBuildFile; fileRef = DA2A7EB82A8534AA009B454D /* Project.swift */; };
		DA2A7EBB2A85357A009B454D /* SpanNode.swift in Sources */ = {isa = PBXBuildFile; fileRef = DA2A7EBA2A85357A009B454D /* SpanNode.swift */; };
		DA2A7EBD2A85393D009B454D /* Dataset.swift in Sources */ = {isa = PBXBuildFile; fileRef = DA2A7EBC2A85393D009B454D /* Dataset.swift */; };
		DA5A3AA32A87FF65000375A2 /* SwiftString in Frameworks */ = {isa = PBXBuildFile; productRef = DA5A3AA22A87FF65000375A2 /* SwiftString */; };
		DA5A3AA62A88CF9B000375A2 /* NetworkAdaptor.swift in Sources */ = {isa = PBXBuildFile; fileRef = DA5A3AA52A88CF9B000375A2 /* NetworkAdaptor.swift */; };
		DA5A3AA82A8912A1000375A2 /* ClientConfig.swift in Sources */ = {isa = PBXBuildFile; fileRef = DA5A3AA72A8912A1000375A2 /* ClientConfig.swift */; };
		DA5A3AAA2A89159B000375A2 /* BoundedFormatter.swift in Sources */ = {isa = PBXBuildFile; fileRef = DA5A3AA92A89159B000375A2 /* BoundedFormatter.swift */; };
		DA5A3AAC2A89165F000375A2 /* IntPicker.swift in Sources */ = {isa = PBXBuildFile; fileRef = DA5A3AAB2A89165F000375A2 /* IntPicker.swift */; };
		DA837CFA2A14076300B91BCE /* NIO in Frameworks */ = {isa = PBXBuildFile; productRef = DA837CF92A14076300B91BCE /* NIO */; };
		DA837CFC2A140AA500B91BCE /* Decoder.swift in Sources */ = {isa = PBXBuildFile; fileRef = DA837CFB2A140AA500B91BCE /* Decoder.swift */; };
		DA837CFF2A1410B500B91BCE /* Component.swift in Sources */ = {isa = PBXBuildFile; fileRef = DA837CFE2A1410B500B91BCE /* Component.swift */; };
		DA837D012A14116600B91BCE /* ComponentVchar.swift in Sources */ = {isa = PBXBuildFile; fileRef = DA837D002A14116600B91BCE /* ComponentVchar.swift */; };
		DA837D032A153CC600B91BCE /* ComponentU32.swift in Sources */ = {isa = PBXBuildFile; fileRef = DA837D022A153CC600B91BCE /* ComponentU32.swift */; };
		DA837D052A153D5600B91BCE /* ComponentLevel.swift in Sources */ = {isa = PBXBuildFile; fileRef = DA837D042A153D5600B91BCE /* ComponentLevel.swift */; };
		DA837D072A153EF800B91BCE /* ComponentI64.swift in Sources */ = {isa = PBXBuildFile; fileRef = DA837D062A153EF800B91BCE /* ComponentI64.swift */; };
		DA837D092A153FD900B91BCE /* ComponentOption.swift in Sources */ = {isa = PBXBuildFile; fileRef = DA837D082A153FD900B91BCE /* ComponentOption.swift */; };
		DA837D122A15897F00B91BCE /* Message.swift in Sources */ = {isa = PBXBuildFile; fileRef = DA837D112A15897F00B91BCE /* Message.swift */; };
		DA837D142A162AE100B91BCE /* MessageHeaderRegistry.swift in Sources */ = {isa = PBXBuildFile; fileRef = DA837D132A162AE100B91BCE /* MessageHeaderRegistry.swift */; };
		DA837D162A16513B00B91BCE /* ComponentDuration.swift in Sources */ = {isa = PBXBuildFile; fileRef = DA837D152A16513B00B91BCE /* ComponentDuration.swift */; };
		DA837D182A16528900B91BCE /* MessageServerConfig.swift in Sources */ = {isa = PBXBuildFile; fileRef = DA837D172A16528900B91BCE /* MessageServerConfig.swift */; };
		DA837D1A2A16551500B91BCE /* MessageProject.swift in Sources */ = {isa = PBXBuildFile; fileRef = DA837D192A16551500B91BCE /* MessageProject.swift */; };
		DA837D1C2A16560A00B91BCE /* ComponentTarget.swift in Sources */ = {isa = PBXBuildFile; fileRef = DA837D1B2A16560A00B91BCE /* ComponentTarget.swift */; };
		DA837D1E2A16561800B91BCE /* ComponentCpu.swift in Sources */ = {isa = PBXBuildFile; fileRef = DA837D1D2A16561800B91BCE /* ComponentCpu.swift */; };
		DA837D212A1774E400B91BCE /* MessageHello.swift in Sources */ = {isa = PBXBuildFile; fileRef = DA837D202A1774E400B91BCE /* MessageHello.swift */; };
		DA837D232A1778AB00B91BCE /* BP3DProtocol.swift in Sources */ = {isa = PBXBuildFile; fileRef = DA837D222A1778AB00B91BCE /* BP3DProtocol.swift */; };
		DA837D292A17AC7900B91BCE /* Encoder.swift in Sources */ = {isa = PBXBuildFile; fileRef = DA837D282A17AC7900B91BCE /* Encoder.swift */; };
		DA8436882A8BC13600A280B3 /* MessageSpanParent.swift in Sources */ = {isa = PBXBuildFile; fileRef = DA8436872A8BC13600A280B3 /* MessageSpanParent.swift */; };
		DA84368A2A8BC70F00A280B3 /* MessageSpanEvent.swift in Sources */ = {isa = PBXBuildFile; fileRef = DA8436892A8BC70F00A280B3 /* MessageSpanEvent.swift */; };
		DA84368C2A8BCC5C00A280B3 /* MessageSpanUpdate.swift in Sources */ = {isa = PBXBuildFile; fileRef = DA84368B2A8BCC5C00A280B3 /* MessageSpanUpdate.swift */; };
		DA84368E2A8C053100A280B3 /* MessageSpanDataset.swift in Sources */ = {isa = PBXBuildFile; fileRef = DA84368D2A8C053100A280B3 /* MessageSpanDataset.swift */; };
		DAA45DB62A84EC64009ABBCB /* MessageClientConfig.swift in Sources */ = {isa = PBXBuildFile; fileRef = DAA45DB52A84EC64009ABBCB /* MessageClientConfig.swift */; };
		DAA45DB82A84ECF7009ABBCB /* MessageClientRecord.swift in Sources */ = {isa = PBXBuildFile; fileRef = DAA45DB72A84ECF7009ABBCB /* MessageClientRecord.swift */; };
		DAA45DBA2A84EDD8009ABBCB /* ComponentU16.swift in Sources */ = {isa = PBXBuildFile; fileRef = DAA45DB92A84EDD8009ABBCB /* ComponentU16.swift */; };
		DAADF8522A7FDE3B00E4247C /* ComponentBool.swift in Sources */ = {isa = PBXBuildFile; fileRef = DAADF8512A7FDE3B00E4247C /* ComponentBool.swift */; };
/* End PBXBuildFile section */

/* Begin PBXContainerItemProxy section */
		DA17E8032A12B84400554B8A /* PBXContainerItemProxy */ = {
			isa = PBXContainerItemProxy;
			containerPortal = DA17E7E42A12B84300554B8A /* Project object */;
			proxyType = 1;
			remoteGlobalIDString = DA17E7EB2A12B84300554B8A;
			remoteInfo = Profiler;
		};
		DA17E80D2A12B84400554B8A /* PBXContainerItemProxy */ = {
			isa = PBXContainerItemProxy;
			containerPortal = DA17E7E42A12B84300554B8A /* Project object */;
			proxyType = 1;
			remoteGlobalIDString = DA17E7EB2A12B84300554B8A;
			remoteInfo = Profiler;
		};
		DA17E8302A12BACA00554B8A /* PBXContainerItemProxy */ = {
			isa = PBXContainerItemProxy;
			containerPortal = DA17E7E42A12B84300554B8A /* Project object */;
			proxyType = 1;
			remoteGlobalIDString = DA17E8262A12BACA00554B8A;
			remoteInfo = Protocol;
		};
		DA17E8322A12BACA00554B8A /* PBXContainerItemProxy */ = {
			isa = PBXContainerItemProxy;
			containerPortal = DA17E7E42A12B84300554B8A /* Project object */;
			proxyType = 1;
			remoteGlobalIDString = DA17E7EB2A12B84300554B8A;
			remoteInfo = Profiler;
		};
		DA17E8382A12BACA00554B8A /* PBXContainerItemProxy */ = {
			isa = PBXContainerItemProxy;
			containerPortal = DA17E7E42A12B84300554B8A /* Project object */;
			proxyType = 1;
			remoteGlobalIDString = DA17E8262A12BACA00554B8A;
			remoteInfo = Protocol;
		};
/* End PBXContainerItemProxy section */

/* Begin PBXCopyFilesBuildPhase section */
		DA17E83F2A12BACA00554B8A /* Embed Frameworks */ = {
			isa = PBXCopyFilesBuildPhase;
			buildActionMask = 2147483647;
			dstPath = "";
			dstSubfolderSpec = 10;
			files = (
				DA17E83B2A12BACA00554B8A /* Protocol.framework in Embed Frameworks */,
			);
			name = "Embed Frameworks";
			runOnlyForDeploymentPostprocessing = 0;
		};
/* End PBXCopyFilesBuildPhase section */

/* Begin PBXFileReference section */
		DA17E7EC2A12B84300554B8A /* Profiler.app */ = {isa = PBXFileReference; explicitFileType = wrapper.application; includeInIndex = 0; path = Profiler.app; sourceTree = BUILT_PRODUCTS_DIR; };
		DA17E7EF2A12B84300554B8A /* ProfilerApp.swift */ = {isa = PBXFileReference; lastKnownFileType = sourcecode.swift; path = ProfilerApp.swift; sourceTree = "<group>"; };
		DA17E7F12A12B84300554B8A /* Persistence.swift */ = {isa = PBXFileReference; lastKnownFileType = sourcecode.swift; path = Persistence.swift; sourceTree = "<group>"; };
		DA17E7F42A12B84300554B8A /* Profiler.xcdatamodel */ = {isa = PBXFileReference; lastKnownFileType = wrapper.xcdatamodel; path = Profiler.xcdatamodel; sourceTree = "<group>"; };
		DA17E7F82A12B84400554B8A /* Assets.xcassets */ = {isa = PBXFileReference; lastKnownFileType = folder.assetcatalog; path = Assets.xcassets; sourceTree = "<group>"; };
		DA17E7FA2A12B84400554B8A /* Profiler.entitlements */ = {isa = PBXFileReference; lastKnownFileType = text.plist.entitlements; path = Profiler.entitlements; sourceTree = "<group>"; };
		DA17E7FC2A12B84400554B8A /* Preview Assets.xcassets */ = {isa = PBXFileReference; lastKnownFileType = folder.assetcatalog; path = "Preview Assets.xcassets"; sourceTree = "<group>"; };
		DA17E8022A12B84400554B8A /* ProfilerTests.xctest */ = {isa = PBXFileReference; explicitFileType = wrapper.cfbundle; includeInIndex = 0; path = ProfilerTests.xctest; sourceTree = BUILT_PRODUCTS_DIR; };
		DA17E8062A12B84400554B8A /* ProfilerTests.swift */ = {isa = PBXFileReference; lastKnownFileType = sourcecode.swift; path = ProfilerTests.swift; sourceTree = "<group>"; };
		DA17E80C2A12B84400554B8A /* ProfilerUITests.xctest */ = {isa = PBXFileReference; explicitFileType = wrapper.cfbundle; includeInIndex = 0; path = ProfilerUITests.xctest; sourceTree = BUILT_PRODUCTS_DIR; };
		DA17E8102A12B84400554B8A /* ProfilerUITests.swift */ = {isa = PBXFileReference; lastKnownFileType = sourcecode.swift; path = ProfilerUITests.swift; sourceTree = "<group>"; };
		DA17E8122A12B84400554B8A /* ProfilerUITestsLaunchTests.swift */ = {isa = PBXFileReference; lastKnownFileType = sourcecode.swift; path = ProfilerUITestsLaunchTests.swift; sourceTree = "<group>"; };
		DA17E8272A12BACA00554B8A /* Protocol.framework */ = {isa = PBXFileReference; explicitFileType = wrapper.framework; includeInIndex = 0; path = Protocol.framework; sourceTree = BUILT_PRODUCTS_DIR; };
		DA17E8292A12BACA00554B8A /* Protocol.h */ = {isa = PBXFileReference; lastKnownFileType = sourcecode.c.h; path = Protocol.h; sourceTree = "<group>"; };
		DA17E82E2A12BACA00554B8A /* ProtocolTests.xctest */ = {isa = PBXFileReference; explicitFileType = wrapper.cfbundle; includeInIndex = 0; path = ProtocolTests.xctest; sourceTree = BUILT_PRODUCTS_DIR; };
		DA17E8352A12BACA00554B8A /* ProtocolTests.swift */ = {isa = PBXFileReference; lastKnownFileType = sourcecode.swift; path = ProtocolTests.swift; sourceTree = "<group>"; };
		DA17E8432A12BADD00554B8A /* NetManager.swift */ = {isa = PBXFileReference; lastKnownFileType = sourcecode.swift; path = NetManager.swift; sourceTree = "<group>"; };
		DA17E8452A12BAE600554B8A /* Constants.swift */ = {isa = PBXFileReference; lastKnownFileType = sourcecode.swift; path = Constants.swift; sourceTree = "<group>"; };
		DA1AB3C22A862A90008DBB2D /* LineChart.swift */ = {isa = PBXFileReference; fileEncoding = 4; lastKnownFileType = sourcecode.swift; path = LineChart.swift; sourceTree = "<group>"; };
		DA1AB3C32A862A90008DBB2D /* NodeFilters.swift */ = {isa = PBXFileReference; fileEncoding = 4; lastKnownFileType = sourcecode.swift; path = NodeFilters.swift; sourceTree = "<group>"; };
		DA1AB3C42A862A90008DBB2D /* ProjectDetails.swift */ = {isa = PBXFileReference; fileEncoding = 4; lastKnownFileType = sourcecode.swift; path = ProjectDetails.swift; sourceTree = "<group>"; };
		DA1AB3C52A862A90008DBB2D /* SpanNodeDetails.swift */ = {isa = PBXFileReference; fileEncoding = 4; lastKnownFileType = sourcecode.swift; path = SpanNodeDetails.swift; sourceTree = "<group>"; };
		DA1AB3C62A862A90008DBB2D /* SpanRunTable.swift */ = {isa = PBXFileReference; fileEncoding = 4; lastKnownFileType = sourcecode.swift; path = SpanRunTable.swift; sourceTree = "<group>"; };
		DA1AB3C72A862A90008DBB2D /* SpanNodeInfo.swift */ = {isa = PBXFileReference; fileEncoding = 4; lastKnownFileType = sourcecode.swift; path = SpanNodeInfo.swift; sourceTree = "<group>"; };
		DA1AB3C82A862A90008DBB2D /* SpanEventTable.swift */ = {isa = PBXFileReference; fileEncoding = 4; lastKnownFileType = sourcecode.swift; path = SpanEventTable.swift; sourceTree = "<group>"; };
		DA1AB3CA2A862A90008DBB2D /* DisplayModels.swift */ = {isa = PBXFileReference; fileEncoding = 4; lastKnownFileType = sourcecode.swift; path = DisplayModels.swift; sourceTree = "<group>"; };
		DA1AB3CB2A862A90008DBB2D /* ToolButton.swift */ = {isa = PBXFileReference; fileEncoding = 4; lastKnownFileType = sourcecode.swift; path = ToolButton.swift; sourceTree = "<group>"; };
		DA1AB3CC2A862A90008DBB2D /* ContentView.swift */ = {isa = PBXFileReference; fileEncoding = 4; lastKnownFileType = sourcecode.swift; path = ContentView.swift; sourceTree = "<group>"; };
		DA1AB3CD2A862A90008DBB2D /* ProjectLink.swift */ = {isa = PBXFileReference; fileEncoding = 4; lastKnownFileType = sourcecode.swift; path = ProjectLink.swift; sourceTree = "<group>"; };
		DA1AB3CE2A862A90008DBB2D /* ProjectInfo.swift */ = {isa = PBXFileReference; fileEncoding = 4; lastKnownFileType = sourcecode.swift; path = ProjectInfo.swift; sourceTree = "<group>"; };
		DA1AB3DC2A862B87008DBB2D /* ErrorHandler.swift */ = {isa = PBXFileReference; fileEncoding = 4; lastKnownFileType = sourcecode.swift; path = ErrorHandler.swift; sourceTree = "<group>"; };
		DA1AB3DE2A862D6B008DBB2D /* Hacks.swift */ = {isa = PBXFileReference; fileEncoding = 4; lastKnownFileType = sourcecode.swift; path = Hacks.swift; sourceTree = "<group>"; };
		DA270D902A8AA6E500AE5707 /* MessageSpanAlloc.swift */ = {isa = PBXFileReference; lastKnownFileType = sourcecode.swift; path = MessageSpanAlloc.swift; sourceTree = "<group>"; };
		DA270D922A8AA74F00AE5707 /* ComponentMetadata.swift */ = {isa = PBXFileReference; lastKnownFileType = sourcecode.swift; path = ComponentMetadata.swift; sourceTree = "<group>"; };
		DA2A7EB82A8534AA009B454D /* Project.swift */ = {isa = PBXFileReference; lastKnownFileType = sourcecode.swift; path = Project.swift; sourceTree = "<group>"; };
		DA2A7EBA2A85357A009B454D /* SpanNode.swift */ = {isa = PBXFileReference; lastKnownFileType = sourcecode.swift; path = SpanNode.swift; sourceTree = "<group>"; };
		DA2A7EBC2A85393D009B454D /* Dataset.swift */ = {isa = PBXFileReference; lastKnownFileType = sourcecode.swift; path = Dataset.swift; sourceTree = "<group>"; };
		DA5A3AA42A881AE5000375A2 /* Info.plist */ = {isa = PBXFileReference; lastKnownFileType = text.plist; path = Info.plist; sourceTree = "<group>"; };
		DA5A3AA52A88CF9B000375A2 /* NetworkAdaptor.swift */ = {isa = PBXFileReference; lastKnownFileType = sourcecode.swift; path = NetworkAdaptor.swift; sourceTree = "<group>"; };
		DA5A3AA72A8912A1000375A2 /* ClientConfig.swift */ = {isa = PBXFileReference; lastKnownFileType = sourcecode.swift; path = ClientConfig.swift; sourceTree = "<group>"; };
		DA5A3AA92A89159B000375A2 /* BoundedFormatter.swift */ = {isa = PBXFileReference; lastKnownFileType = sourcecode.swift; path = BoundedFormatter.swift; sourceTree = "<group>"; };
		DA5A3AAB2A89165F000375A2 /* IntPicker.swift */ = {isa = PBXFileReference; lastKnownFileType = sourcecode.swift; path = IntPicker.swift; sourceTree = "<group>"; };
		DA837CFB2A140AA500B91BCE /* Decoder.swift */ = {isa = PBXFileReference; lastKnownFileType = sourcecode.swift; path = Decoder.swift; sourceTree = "<group>"; };
		DA837CFE2A1410B500B91BCE /* Component.swift */ = {isa = PBXFileReference; lastKnownFileType = sourcecode.swift; path = Component.swift; sourceTree = "<group>"; };
		DA837D002A14116600B91BCE /* ComponentVchar.swift */ = {isa = PBXFileReference; lastKnownFileType = sourcecode.swift; path = ComponentVchar.swift; sourceTree = "<group>"; };
		DA837D022A153CC600B91BCE /* ComponentU32.swift */ = {isa = PBXFileReference; lastKnownFileType = sourcecode.swift; path = ComponentU32.swift; sourceTree = "<group>"; };
		DA837D042A153D5600B91BCE /* ComponentLevel.swift */ = {isa = PBXFileReference; lastKnownFileType = sourcecode.swift; path = ComponentLevel.swift; sourceTree = "<group>"; };
		DA837D062A153EF800B91BCE /* ComponentI64.swift */ = {isa = PBXFileReference; lastKnownFileType = sourcecode.swift; path = ComponentI64.swift; sourceTree = "<group>"; };
		DA837D082A153FD900B91BCE /* ComponentOption.swift */ = {isa = PBXFileReference; lastKnownFileType = sourcecode.swift; path = ComponentOption.swift; sourceTree = "<group>"; };
		DA837D112A15897F00B91BCE /* Message.swift */ = {isa = PBXFileReference; lastKnownFileType = sourcecode.swift; path = Message.swift; sourceTree = "<group>"; };
		DA837D132A162AE100B91BCE /* MessageHeaderRegistry.swift */ = {isa = PBXFileReference; lastKnownFileType = sourcecode.swift; path = MessageHeaderRegistry.swift; sourceTree = "<group>"; };
		DA837D152A16513B00B91BCE /* ComponentDuration.swift */ = {isa = PBXFileReference; lastKnownFileType = sourcecode.swift; path = ComponentDuration.swift; sourceTree = "<group>"; };
		DA837D172A16528900B91BCE /* MessageServerConfig.swift */ = {isa = PBXFileReference; lastKnownFileType = sourcecode.swift; path = MessageServerConfig.swift; sourceTree = "<group>"; };
		DA837D192A16551500B91BCE /* MessageProject.swift */ = {isa = PBXFileReference; lastKnownFileType = sourcecode.swift; path = MessageProject.swift; sourceTree = "<group>"; };
		DA837D1B2A16560A00B91BCE /* ComponentTarget.swift */ = {isa = PBXFileReference; lastKnownFileType = sourcecode.swift; path = ComponentTarget.swift; sourceTree = "<group>"; };
		DA837D1D2A16561800B91BCE /* ComponentCpu.swift */ = {isa = PBXFileReference; lastKnownFileType = sourcecode.swift; path = ComponentCpu.swift; sourceTree = "<group>"; };
		DA837D202A1774E400B91BCE /* MessageHello.swift */ = {isa = PBXFileReference; lastKnownFileType = sourcecode.swift; path = MessageHello.swift; sourceTree = "<group>"; };
		DA837D222A1778AB00B91BCE /* BP3DProtocol.swift */ = {isa = PBXFileReference; lastKnownFileType = sourcecode.swift; path = BP3DProtocol.swift; sourceTree = "<group>"; };
		DA837D282A17AC7900B91BCE /* Encoder.swift */ = {isa = PBXFileReference; lastKnownFileType = sourcecode.swift; path = Encoder.swift; sourceTree = "<group>"; };
		DA8436872A8BC13600A280B3 /* MessageSpanParent.swift */ = {isa = PBXFileReference; lastKnownFileType = sourcecode.swift; path = MessageSpanParent.swift; sourceTree = "<group>"; };
		DA8436892A8BC70F00A280B3 /* MessageSpanEvent.swift */ = {isa = PBXFileReference; lastKnownFileType = sourcecode.swift; path = MessageSpanEvent.swift; sourceTree = "<group>"; };
		DA84368B2A8BCC5C00A280B3 /* MessageSpanUpdate.swift */ = {isa = PBXFileReference; lastKnownFileType = sourcecode.swift; path = MessageSpanUpdate.swift; sourceTree = "<group>"; };
		DA84368D2A8C053100A280B3 /* MessageSpanDataset.swift */ = {isa = PBXFileReference; lastKnownFileType = sourcecode.swift; path = MessageSpanDataset.swift; sourceTree = "<group>"; };
		DAA45DB52A84EC64009ABBCB /* MessageClientConfig.swift */ = {isa = PBXFileReference; lastKnownFileType = sourcecode.swift; path = MessageClientConfig.swift; sourceTree = "<group>"; };
		DAA45DB72A84ECF7009ABBCB /* MessageClientRecord.swift */ = {isa = PBXFileReference; lastKnownFileType = sourcecode.swift; path = MessageClientRecord.swift; sourceTree = "<group>"; };
		DAA45DB92A84EDD8009ABBCB /* ComponentU16.swift */ = {isa = PBXFileReference; lastKnownFileType = sourcecode.swift; path = ComponentU16.swift; sourceTree = "<group>"; };
		DAADF8512A7FDE3B00E4247C /* ComponentBool.swift */ = {isa = PBXFileReference; lastKnownFileType = sourcecode.swift; path = ComponentBool.swift; sourceTree = "<group>"; };
/* End PBXFileReference section */

/* Begin PBXFrameworksBuildPhase section */
		DA17E7E92A12B84300554B8A /* Frameworks */ = {
			isa = PBXFrameworksBuildPhase;
			buildActionMask = 2147483647;
			files = (
				DA17E83A2A12BACA00554B8A /* Protocol.framework in Frameworks */,
				DA5A3AA32A87FF65000375A2 /* SwiftString in Frameworks */,
			);
			runOnlyForDeploymentPostprocessing = 0;
		};
		DA17E7FF2A12B84400554B8A /* Frameworks */ = {
			isa = PBXFrameworksBuildPhase;
			buildActionMask = 2147483647;
			files = (
			);
			runOnlyForDeploymentPostprocessing = 0;
		};
		DA17E8092A12B84400554B8A /* Frameworks */ = {
			isa = PBXFrameworksBuildPhase;
			buildActionMask = 2147483647;
			files = (
			);
			runOnlyForDeploymentPostprocessing = 0;
		};
		DA17E8242A12BACA00554B8A /* Frameworks */ = {
			isa = PBXFrameworksBuildPhase;
			buildActionMask = 2147483647;
			files = (
				DA837CFA2A14076300B91BCE /* NIO in Frameworks */,
			);
			runOnlyForDeploymentPostprocessing = 0;
		};
		DA17E82B2A12BACA00554B8A /* Frameworks */ = {
			isa = PBXFrameworksBuildPhase;
			buildActionMask = 2147483647;
			files = (
				DA17E82F2A12BACA00554B8A /* Protocol.framework in Frameworks */,
			);
			runOnlyForDeploymentPostprocessing = 0;
		};
/* End PBXFrameworksBuildPhase section */

/* Begin PBXGroup section */
		DA17E7E32A12B84300554B8A = {
			isa = PBXGroup;
			children = (
				DA17E7EE2A12B84300554B8A /* Profiler */,
				DA17E8052A12B84400554B8A /* ProfilerTests */,
				DA17E80F2A12B84400554B8A /* ProfilerUITests */,
				DA17E8282A12BACA00554B8A /* Protocol */,
				DA17E8342A12BACA00554B8A /* ProtocolTests */,
				DA17E7ED2A12B84300554B8A /* Products */,
			);
			sourceTree = "<group>";
		};
		DA17E7ED2A12B84300554B8A /* Products */ = {
			isa = PBXGroup;
			children = (
				DA17E7EC2A12B84300554B8A /* Profiler.app */,
				DA17E8022A12B84400554B8A /* ProfilerTests.xctest */,
				DA17E80C2A12B84400554B8A /* ProfilerUITests.xctest */,
				DA17E8272A12BACA00554B8A /* Protocol.framework */,
				DA17E82E2A12BACA00554B8A /* ProtocolTests.xctest */,
			);
			name = Products;
			sourceTree = "<group>";
		};
		DA17E7EE2A12B84300554B8A /* Profiler */ = {
			isa = PBXGroup;
			children = (
				DA5A3AA42A881AE5000375A2 /* Info.plist */,
				DA5A3A9C2A875606000375A2 /* Util */,
				DA1AB3C02A862A90008DBB2D /* View */,
				DA2A7EB52A8533E9009B454D /* Model */,
				DA17E7EF2A12B84300554B8A /* ProfilerApp.swift */,
				DA17E7F12A12B84300554B8A /* Persistence.swift */,
				DA5A3AA52A88CF9B000375A2 /* NetworkAdaptor.swift */,
				DA17E7F82A12B84400554B8A /* Assets.xcassets */,
				DA17E7FA2A12B84400554B8A /* Profiler.entitlements */,
				DA17E7FB2A12B84400554B8A /* Preview Content */,
			);
			path = Profiler;
			sourceTree = "<group>";
		};
		DA17E7FB2A12B84400554B8A /* Preview Content */ = {
			isa = PBXGroup;
			children = (
				DA17E7FC2A12B84400554B8A /* Preview Assets.xcassets */,
			);
			path = "Preview Content";
			sourceTree = "<group>";
		};
		DA17E8052A12B84400554B8A /* ProfilerTests */ = {
			isa = PBXGroup;
			children = (
				DA17E8062A12B84400554B8A /* ProfilerTests.swift */,
			);
			path = ProfilerTests;
			sourceTree = "<group>";
		};
		DA17E80F2A12B84400554B8A /* ProfilerUITests */ = {
			isa = PBXGroup;
			children = (
				DA17E8102A12B84400554B8A /* ProfilerUITests.swift */,
				DA17E8122A12B84400554B8A /* ProfilerUITestsLaunchTests.swift */,
			);
			path = ProfilerUITests;
			sourceTree = "<group>";
		};
		DA17E8282A12BACA00554B8A /* Protocol */ = {
			isa = PBXGroup;
			children = (
				DA837D1F2A1774CA00B91BCE /* Handshake */,
				DA837D0E2A15868100B91BCE /* Message */,
				DA837CFD2A1410A500B91BCE /* Component */,
				DA17E8292A12BACA00554B8A /* Protocol.h */,
				DA17E8432A12BADD00554B8A /* NetManager.swift */,
				DA17E8452A12BAE600554B8A /* Constants.swift */,
				DA837CFB2A140AA500B91BCE /* Decoder.swift */,
				DA837D282A17AC7900B91BCE /* Encoder.swift */,
			);
			path = Protocol;
			sourceTree = "<group>";
		};
		DA17E8342A12BACA00554B8A /* ProtocolTests */ = {
			isa = PBXGroup;
			children = (
				DA17E8352A12BACA00554B8A /* ProtocolTests.swift */,
			);
			path = ProtocolTests;
			sourceTree = "<group>";
		};
		DA1AB3C02A862A90008DBB2D /* View */ = {
			isa = PBXGroup;
			children = (
				DA1AB3C22A862A90008DBB2D /* LineChart.swift */,
				DA1AB3C42A862A90008DBB2D /* ProjectDetails.swift */,
				DA1AB3C52A862A90008DBB2D /* SpanNodeDetails.swift */,
				DA1AB3C62A862A90008DBB2D /* SpanRunTable.swift */,
				DA1AB3C72A862A90008DBB2D /* SpanNodeInfo.swift */,
				DA1AB3C82A862A90008DBB2D /* SpanEventTable.swift */,
				DA1AB3CB2A862A90008DBB2D /* ToolButton.swift */,
				DA1AB3CC2A862A90008DBB2D /* ContentView.swift */,
				DA1AB3CD2A862A90008DBB2D /* ProjectLink.swift */,
				DA1AB3CE2A862A90008DBB2D /* ProjectInfo.swift */,
				DA5A3AA72A8912A1000375A2 /* ClientConfig.swift */,
				DA5A3AAB2A89165F000375A2 /* IntPicker.swift */,
			);
			path = View;
			sourceTree = "<group>";
		};
		DA2A7EB52A8533E9009B454D /* Model */ = {
			isa = PBXGroup;
			children = (
				DA17E7F32A12B84300554B8A /* Profiler.xcdatamodeld */,
				DA2A7EB82A8534AA009B454D /* Project.swift */,
				DA2A7EBA2A85357A009B454D /* SpanNode.swift */,
				DA2A7EBC2A85393D009B454D /* Dataset.swift */,
			);
			path = Model;
			sourceTree = "<group>";
		};
		DA5A3A9C2A875606000375A2 /* Util */ = {
			isa = PBXGroup;
			children = (
				DA1AB3C32A862A90008DBB2D /* NodeFilters.swift */,
				DA1AB3CA2A862A90008DBB2D /* DisplayModels.swift */,
				DA1AB3DE2A862D6B008DBB2D /* Hacks.swift */,
				DA1AB3DC2A862B87008DBB2D /* ErrorHandler.swift */,
				DA5A3AA92A89159B000375A2 /* BoundedFormatter.swift */,
			);
			path = Util;
			sourceTree = "<group>";
		};
		DA837CFD2A1410A500B91BCE /* Component */ = {
			isa = PBXGroup;
			children = (
				DA837CFE2A1410B500B91BCE /* Component.swift */,
				DA837D002A14116600B91BCE /* ComponentVchar.swift */,
				DA837D022A153CC600B91BCE /* ComponentU32.swift */,
				DA837D042A153D5600B91BCE /* ComponentLevel.swift */,
				DA837D062A153EF800B91BCE /* ComponentI64.swift */,
				DA837D082A153FD900B91BCE /* ComponentOption.swift */,
				DA837D152A16513B00B91BCE /* ComponentDuration.swift */,
				DA837D1B2A16560A00B91BCE /* ComponentTarget.swift */,
				DA837D1D2A16561800B91BCE /* ComponentCpu.swift */,
				DAADF8512A7FDE3B00E4247C /* ComponentBool.swift */,
				DAA45DB92A84EDD8009ABBCB /* ComponentU16.swift */,
				DA270D922A8AA74F00AE5707 /* ComponentMetadata.swift */,
			);
			path = Component;
			sourceTree = "<group>";
		};
		DA837D0E2A15868100B91BCE /* Message */ = {
			isa = PBXGroup;
			children = (
				DA837D112A15897F00B91BCE /* Message.swift */,
				DA837D132A162AE100B91BCE /* MessageHeaderRegistry.swift */,
				DA837D172A16528900B91BCE /* MessageServerConfig.swift */,
				DA837D192A16551500B91BCE /* MessageProject.swift */,
				DAA45DB52A84EC64009ABBCB /* MessageClientConfig.swift */,
				DAA45DB72A84ECF7009ABBCB /* MessageClientRecord.swift */,
				DA270D902A8AA6E500AE5707 /* MessageSpanAlloc.swift */,
				DA8436872A8BC13600A280B3 /* MessageSpanParent.swift */,
				DA8436892A8BC70F00A280B3 /* MessageSpanEvent.swift */,
				DA84368B2A8BCC5C00A280B3 /* MessageSpanUpdate.swift */,
				DA84368D2A8C053100A280B3 /* MessageSpanDataset.swift */,
			);
			path = Message;
			sourceTree = "<group>";
		};
		DA837D1F2A1774CA00B91BCE /* Handshake */ = {
			isa = PBXGroup;
			children = (
				DA837D202A1774E400B91BCE /* MessageHello.swift */,
				DA837D222A1778AB00B91BCE /* BP3DProtocol.swift */,
			);
			path = Handshake;
			sourceTree = "<group>";
		};
/* End PBXGroup section */

/* Begin PBXHeadersBuildPhase section */
		DA17E8222A12BACA00554B8A /* Headers */ = {
			isa = PBXHeadersBuildPhase;
			buildActionMask = 2147483647;
			files = (
				DA17E8372A12BACA00554B8A /* Protocol.h in Headers */,
			);
			runOnlyForDeploymentPostprocessing = 0;
		};
/* End PBXHeadersBuildPhase section */

/* Begin PBXNativeTarget section */
		DA17E7EB2A12B84300554B8A /* Profiler */ = {
			isa = PBXNativeTarget;
			buildConfigurationList = DA17E8162A12B84400554B8A /* Build configuration list for PBXNativeTarget "Profiler" */;
			buildPhases = (
				DA17E7E82A12B84300554B8A /* Sources */,
				DA17E7E92A12B84300554B8A /* Frameworks */,
				DA17E7EA2A12B84300554B8A /* Resources */,
				DA17E83F2A12BACA00554B8A /* Embed Frameworks */,
			);
			buildRules = (
			);
			dependencies = (
				DA17E8392A12BACA00554B8A /* PBXTargetDependency */,
			);
			name = Profiler;
			packageProductDependencies = (
				DA5A3AA22A87FF65000375A2 /* SwiftString */,
			);
			productName = Profiler;
			productReference = DA17E7EC2A12B84300554B8A /* Profiler.app */;
			productType = "com.apple.product-type.application";
		};
		DA17E8012A12B84400554B8A /* ProfilerTests */ = {
			isa = PBXNativeTarget;
			buildConfigurationList = DA17E8192A12B84400554B8A /* Build configuration list for PBXNativeTarget "ProfilerTests" */;
			buildPhases = (
				DA17E7FE2A12B84400554B8A /* Sources */,
				DA17E7FF2A12B84400554B8A /* Frameworks */,
				DA17E8002A12B84400554B8A /* Resources */,
			);
			buildRules = (
			);
			dependencies = (
				DA17E8042A12B84400554B8A /* PBXTargetDependency */,
			);
			name = ProfilerTests;
			productName = ProfilerTests;
			productReference = DA17E8022A12B84400554B8A /* ProfilerTests.xctest */;
			productType = "com.apple.product-type.bundle.unit-test";
		};
		DA17E80B2A12B84400554B8A /* ProfilerUITests */ = {
			isa = PBXNativeTarget;
			buildConfigurationList = DA17E81C2A12B84400554B8A /* Build configuration list for PBXNativeTarget "ProfilerUITests" */;
			buildPhases = (
				DA17E8082A12B84400554B8A /* Sources */,
				DA17E8092A12B84400554B8A /* Frameworks */,
				DA17E80A2A12B84400554B8A /* Resources */,
			);
			buildRules = (
			);
			dependencies = (
				DA17E80E2A12B84400554B8A /* PBXTargetDependency */,
			);
			name = ProfilerUITests;
			productName = ProfilerUITests;
			productReference = DA17E80C2A12B84400554B8A /* ProfilerUITests.xctest */;
			productType = "com.apple.product-type.bundle.ui-testing";
		};
		DA17E8262A12BACA00554B8A /* Protocol */ = {
			isa = PBXNativeTarget;
			buildConfigurationList = DA17E83C2A12BACA00554B8A /* Build configuration list for PBXNativeTarget "Protocol" */;
			buildPhases = (
				DA17E8222A12BACA00554B8A /* Headers */,
				DA17E8232A12BACA00554B8A /* Sources */,
				DA17E8242A12BACA00554B8A /* Frameworks */,
				DA17E8252A12BACA00554B8A /* Resources */,
			);
			buildRules = (
			);
			dependencies = (
			);
			name = Protocol;
			packageProductDependencies = (
				DA837CF92A14076300B91BCE /* NIO */,
			);
			productName = Protocol;
			productReference = DA17E8272A12BACA00554B8A /* Protocol.framework */;
			productType = "com.apple.product-type.framework";
		};
		DA17E82D2A12BACA00554B8A /* ProtocolTests */ = {
			isa = PBXNativeTarget;
			buildConfigurationList = DA17E8402A12BACA00554B8A /* Build configuration list for PBXNativeTarget "ProtocolTests" */;
			buildPhases = (
				DA17E82A2A12BACA00554B8A /* Sources */,
				DA17E82B2A12BACA00554B8A /* Frameworks */,
				DA17E82C2A12BACA00554B8A /* Resources */,
			);
			buildRules = (
			);
			dependencies = (
				DA17E8312A12BACA00554B8A /* PBXTargetDependency */,
				DA17E8332A12BACA00554B8A /* PBXTargetDependency */,
			);
			name = ProtocolTests;
			productName = ProtocolTests;
			productReference = DA17E82E2A12BACA00554B8A /* ProtocolTests.xctest */;
			productType = "com.apple.product-type.bundle.unit-test";
		};
/* End PBXNativeTarget section */

/* Begin PBXProject section */
		DA17E7E42A12B84300554B8A /* Project object */ = {
			isa = PBXProject;
			attributes = {
				BuildIndependentTargetsInParallel = 1;
				LastSwiftUpdateCheck = 1430;
				LastUpgradeCheck = 1430;
				TargetAttributes = {
					DA17E7EB2A12B84300554B8A = {
						CreatedOnToolsVersion = 14.3;
					};
					DA17E8012A12B84400554B8A = {
						CreatedOnToolsVersion = 14.3;
						TestTargetID = DA17E7EB2A12B84300554B8A;
					};
					DA17E80B2A12B84400554B8A = {
						CreatedOnToolsVersion = 14.3;
						TestTargetID = DA17E7EB2A12B84300554B8A;
					};
					DA17E8262A12BACA00554B8A = {
						CreatedOnToolsVersion = 14.3;
						LastSwiftMigration = 1430;
					};
					DA17E82D2A12BACA00554B8A = {
						CreatedOnToolsVersion = 14.3;
						TestTargetID = DA17E7EB2A12B84300554B8A;
					};
				};
			};
			buildConfigurationList = DA17E7E72A12B84300554B8A /* Build configuration list for PBXProject "Profiler" */;
			compatibilityVersion = "Xcode 14.0";
			developmentRegion = en;
			hasScannedForEncodings = 0;
			knownRegions = (
				en,
				Base,
			);
			mainGroup = DA17E7E32A12B84300554B8A;
			packageReferences = (
				DA837CF82A14076300B91BCE /* XCRemoteSwiftPackageReference "swift-nio" */,
				DA5A3AA12A87FF65000375A2 /* XCRemoteSwiftPackageReference "SwiftString" */,
			);
			productRefGroup = DA17E7ED2A12B84300554B8A /* Products */;
			projectDirPath = "";
			projectRoot = "";
			targets = (
				DA17E7EB2A12B84300554B8A /* Profiler */,
				DA17E8012A12B84400554B8A /* ProfilerTests */,
				DA17E80B2A12B84400554B8A /* ProfilerUITests */,
				DA17E8262A12BACA00554B8A /* Protocol */,
				DA17E82D2A12BACA00554B8A /* ProtocolTests */,
			);
		};
/* End PBXProject section */

/* Begin PBXResourcesBuildPhase section */
		DA17E7EA2A12B84300554B8A /* Resources */ = {
			isa = PBXResourcesBuildPhase;
			buildActionMask = 2147483647;
			files = (
				DA17E7FD2A12B84400554B8A /* Preview Assets.xcassets in Resources */,
				DA17E7F92A12B84400554B8A /* Assets.xcassets in Resources */,
			);
			runOnlyForDeploymentPostprocessing = 0;
		};
		DA17E8002A12B84400554B8A /* Resources */ = {
			isa = PBXResourcesBuildPhase;
			buildActionMask = 2147483647;
			files = (
			);
			runOnlyForDeploymentPostprocessing = 0;
		};
		DA17E80A2A12B84400554B8A /* Resources */ = {
			isa = PBXResourcesBuildPhase;
			buildActionMask = 2147483647;
			files = (
			);
			runOnlyForDeploymentPostprocessing = 0;
		};
		DA17E8252A12BACA00554B8A /* Resources */ = {
			isa = PBXResourcesBuildPhase;
			buildActionMask = 2147483647;
			files = (
			);
			runOnlyForDeploymentPostprocessing = 0;
		};
		DA17E82C2A12BACA00554B8A /* Resources */ = {
			isa = PBXResourcesBuildPhase;
			buildActionMask = 2147483647;
			files = (
			);
			runOnlyForDeploymentPostprocessing = 0;
		};
/* End PBXResourcesBuildPhase section */

/* Begin PBXSourcesBuildPhase section */
		DA17E7E82A12B84300554B8A /* Sources */ = {
			isa = PBXSourcesBuildPhase;
			buildActionMask = 2147483647;
			files = (
				DA17E7F02A12B84300554B8A /* ProfilerApp.swift in Sources */,
				DA1AB3DA2A862A90008DBB2D /* ProjectLink.swift in Sources */,
				DA5A3AAC2A89165F000375A2 /* IntPicker.swift in Sources */,
				DA1AB3D42A862A90008DBB2D /* SpanRunTable.swift in Sources */,
				DA1AB3D82A862A90008DBB2D /* ToolButton.swift in Sources */,
				DA2A7EBD2A85393D009B454D /* Dataset.swift in Sources */,
				DA1AB3D32A862A90008DBB2D /* SpanNodeDetails.swift in Sources */,
				DA1AB3D02A862A90008DBB2D /* LineChart.swift in Sources */,
				DA1AB3D12A862A90008DBB2D /* NodeFilters.swift in Sources */,
				DA1AB3D22A862A90008DBB2D /* ProjectDetails.swift in Sources */,
				DA1AB3DF2A862D6B008DBB2D /* Hacks.swift in Sources */,
				DA17E7F22A12B84300554B8A /* Persistence.swift in Sources */,
				DA1AB3D72A862A90008DBB2D /* DisplayModels.swift in Sources */,
				DA1AB3D52A862A90008DBB2D /* SpanNodeInfo.swift in Sources */,
				DA2A7EBB2A85357A009B454D /* SpanNode.swift in Sources */,
				DA1AB3D92A862A90008DBB2D /* ContentView.swift in Sources */,
				DA5A3AA62A88CF9B000375A2 /* NetworkAdaptor.swift in Sources */,
				DA1AB3D62A862A90008DBB2D /* SpanEventTable.swift in Sources */,
				DA2A7EB92A8534AA009B454D /* Project.swift in Sources */,
				DA5A3AA82A8912A1000375A2 /* ClientConfig.swift in Sources */,
				DA1AB3DD2A862B87008DBB2D /* ErrorHandler.swift in Sources */,
				DA17E7F52A12B84300554B8A /* Profiler.xcdatamodeld in Sources */,
				DA5A3AAA2A89159B000375A2 /* BoundedFormatter.swift in Sources */,
				DA1AB3DB2A862A90008DBB2D /* ProjectInfo.swift in Sources */,
			);
			runOnlyForDeploymentPostprocessing = 0;
		};
		DA17E7FE2A12B84400554B8A /* Sources */ = {
			isa = PBXSourcesBuildPhase;
			buildActionMask = 2147483647;
			files = (
				DA17E8072A12B84400554B8A /* ProfilerTests.swift in Sources */,
			);
			runOnlyForDeploymentPostprocessing = 0;
		};
		DA17E8082A12B84400554B8A /* Sources */ = {
			isa = PBXSourcesBuildPhase;
			buildActionMask = 2147483647;
			files = (
				DA17E8132A12B84400554B8A /* ProfilerUITestsLaunchTests.swift in Sources */,
				DA17E8112A12B84400554B8A /* ProfilerUITests.swift in Sources */,
			);
			runOnlyForDeploymentPostprocessing = 0;
		};
		DA17E8232A12BACA00554B8A /* Sources */ = {
			isa = PBXSourcesBuildPhase;
			buildActionMask = 2147483647;
			files = (
				DA837D1C2A16560A00B91BCE /* ComponentTarget.swift in Sources */,
				DA837D032A153CC600B91BCE /* ComponentU32.swift in Sources */,
				DA837D182A16528900B91BCE /* MessageServerConfig.swift in Sources */,
				DA8436882A8BC13600A280B3 /* MessageSpanParent.swift in Sources */,
				DA270D912A8AA6E500AE5707 /* MessageSpanAlloc.swift in Sources */,
				DA837D142A162AE100B91BCE /* MessageHeaderRegistry.swift in Sources */,
				DA837D232A1778AB00B91BCE /* BP3DProtocol.swift in Sources */,
				DA270D932A8AA74F00AE5707 /* ComponentMetadata.swift in Sources */,
				DA837D092A153FD900B91BCE /* ComponentOption.swift in Sources */,
				DA837D162A16513B00B91BCE /* ComponentDuration.swift in Sources */,
				DAA45DBA2A84EDD8009ABBCB /* ComponentU16.swift in Sources */,
				DA17E8442A12BADD00554B8A /* NetManager.swift in Sources */,
				DA837CFF2A1410B500B91BCE /* Component.swift in Sources */,
				DAA45DB62A84EC64009ABBCB /* MessageClientConfig.swift in Sources */,
				DAADF8522A7FDE3B00E4247C /* ComponentBool.swift in Sources */,
				DA837D1E2A16561800B91BCE /* ComponentCpu.swift in Sources */,
				DA837D072A153EF800B91BCE /* ComponentI64.swift in Sources */,
				DA84368A2A8BC70F00A280B3 /* MessageSpanEvent.swift in Sources */,
				DA837CFC2A140AA500B91BCE /* Decoder.swift in Sources */,
				DA837D1A2A16551500B91BCE /* MessageProject.swift in Sources */,
				DAA45DB82A84ECF7009ABBCB /* MessageClientRecord.swift in Sources */,
				DA837D052A153D5600B91BCE /* ComponentLevel.swift in Sources */,
				DA837D122A15897F00B91BCE /* Message.swift in Sources */,
				DA837D212A1774E400B91BCE /* MessageHello.swift in Sources */,
				DA84368C2A8BCC5C00A280B3 /* MessageSpanUpdate.swift in Sources */,
				DA84368E2A8C053100A280B3 /* MessageSpanDataset.swift in Sources */,
				DA17E8462A12BAE600554B8A /* Constants.swift in Sources */,
				DA837D292A17AC7900B91BCE /* Encoder.swift in Sources */,
				DA837D012A14116600B91BCE /* ComponentVchar.swift in Sources */,
			);
			runOnlyForDeploymentPostprocessing = 0;
		};
		DA17E82A2A12BACA00554B8A /* Sources */ = {
			isa = PBXSourcesBuildPhase;
			buildActionMask = 2147483647;
			files = (
				DA17E8362A12BACA00554B8A /* ProtocolTests.swift in Sources */,
			);
			runOnlyForDeploymentPostprocessing = 0;
		};
/* End PBXSourcesBuildPhase section */

/* Begin PBXTargetDependency section */
		DA17E8042A12B84400554B8A /* PBXTargetDependency */ = {
			isa = PBXTargetDependency;
			target = DA17E7EB2A12B84300554B8A /* Profiler */;
			targetProxy = DA17E8032A12B84400554B8A /* PBXContainerItemProxy */;
		};
		DA17E80E2A12B84400554B8A /* PBXTargetDependency */ = {
			isa = PBXTargetDependency;
			target = DA17E7EB2A12B84300554B8A /* Profiler */;
			targetProxy = DA17E80D2A12B84400554B8A /* PBXContainerItemProxy */;
		};
		DA17E8312A12BACA00554B8A /* PBXTargetDependency */ = {
			isa = PBXTargetDependency;
			target = DA17E8262A12BACA00554B8A /* Protocol */;
			targetProxy = DA17E8302A12BACA00554B8A /* PBXContainerItemProxy */;
		};
		DA17E8332A12BACA00554B8A /* PBXTargetDependency */ = {
			isa = PBXTargetDependency;
			target = DA17E7EB2A12B84300554B8A /* Profiler */;
			targetProxy = DA17E8322A12BACA00554B8A /* PBXContainerItemProxy */;
		};
		DA17E8392A12BACA00554B8A /* PBXTargetDependency */ = {
			isa = PBXTargetDependency;
			target = DA17E8262A12BACA00554B8A /* Protocol */;
			targetProxy = DA17E8382A12BACA00554B8A /* PBXContainerItemProxy */;
		};
/* End PBXTargetDependency section */

/* Begin XCBuildConfiguration section */
		DA17E8142A12B84400554B8A /* Debug */ = {
			isa = XCBuildConfiguration;
			buildSettings = {
				ALWAYS_SEARCH_USER_PATHS = NO;
				CLANG_ANALYZER_NONNULL = YES;
				CLANG_ANALYZER_NUMBER_OBJECT_CONVERSION = YES_AGGRESSIVE;
				CLANG_CXX_LANGUAGE_STANDARD = "gnu++20";
				CLANG_ENABLE_MODULES = YES;
				CLANG_ENABLE_OBJC_ARC = YES;
				CLANG_ENABLE_OBJC_WEAK = YES;
				CLANG_WARN_BLOCK_CAPTURE_AUTORELEASING = YES;
				CLANG_WARN_BOOL_CONVERSION = YES;
				CLANG_WARN_COMMA = YES;
				CLANG_WARN_CONSTANT_CONVERSION = YES;
				CLANG_WARN_DEPRECATED_OBJC_IMPLEMENTATIONS = YES;
				CLANG_WARN_DIRECT_OBJC_ISA_USAGE = YES_ERROR;
				CLANG_WARN_DOCUMENTATION_COMMENTS = YES;
				CLANG_WARN_EMPTY_BODY = YES;
				CLANG_WARN_ENUM_CONVERSION = YES;
				CLANG_WARN_INFINITE_RECURSION = YES;
				CLANG_WARN_INT_CONVERSION = YES;
				CLANG_WARN_NON_LITERAL_NULL_CONVERSION = YES;
				CLANG_WARN_OBJC_IMPLICIT_RETAIN_SELF = YES;
				CLANG_WARN_OBJC_LITERAL_CONVERSION = YES;
				CLANG_WARN_OBJC_ROOT_CLASS = YES_ERROR;
				CLANG_WARN_QUOTED_INCLUDE_IN_FRAMEWORK_HEADER = YES;
				CLANG_WARN_RANGE_LOOP_ANALYSIS = YES;
				CLANG_WARN_STRICT_PROTOTYPES = YES;
				CLANG_WARN_SUSPICIOUS_MOVE = YES;
				CLANG_WARN_UNGUARDED_AVAILABILITY = YES_AGGRESSIVE;
				CLANG_WARN_UNREACHABLE_CODE = YES;
				CLANG_WARN__DUPLICATE_METHOD_MATCH = YES;
				COPY_PHASE_STRIP = NO;
				DEBUG_INFORMATION_FORMAT = dwarf;
				ENABLE_STRICT_OBJC_MSGSEND = YES;
				ENABLE_TESTABILITY = YES;
				GCC_C_LANGUAGE_STANDARD = gnu11;
				GCC_DYNAMIC_NO_PIC = NO;
				GCC_NO_COMMON_BLOCKS = YES;
				GCC_OPTIMIZATION_LEVEL = 0;
				GCC_PREPROCESSOR_DEFINITIONS = (
					"DEBUG=1",
					"$(inherited)",
				);
				GCC_WARN_64_TO_32_BIT_CONVERSION = YES;
				GCC_WARN_ABOUT_RETURN_TYPE = YES_ERROR;
				GCC_WARN_UNDECLARED_SELECTOR = YES;
				GCC_WARN_UNINITIALIZED_AUTOS = YES_AGGRESSIVE;
				GCC_WARN_UNUSED_FUNCTION = YES;
				GCC_WARN_UNUSED_VARIABLE = YES;
				MTL_ENABLE_DEBUG_INFO = INCLUDE_SOURCE;
				MTL_FAST_MATH = YES;
				ONLY_ACTIVE_ARCH = YES;
				SWIFT_ACTIVE_COMPILATION_CONDITIONS = DEBUG;
				SWIFT_OPTIMIZATION_LEVEL = "-Onone";
			};
			name = Debug;
		};
		DA17E8152A12B84400554B8A /* Release */ = {
			isa = XCBuildConfiguration;
			buildSettings = {
				ALWAYS_SEARCH_USER_PATHS = NO;
				CLANG_ANALYZER_NONNULL = YES;
				CLANG_ANALYZER_NUMBER_OBJECT_CONVERSION = YES_AGGRESSIVE;
				CLANG_CXX_LANGUAGE_STANDARD = "gnu++20";
				CLANG_ENABLE_MODULES = YES;
				CLANG_ENABLE_OBJC_ARC = YES;
				CLANG_ENABLE_OBJC_WEAK = YES;
				CLANG_WARN_BLOCK_CAPTURE_AUTORELEASING = YES;
				CLANG_WARN_BOOL_CONVERSION = YES;
				CLANG_WARN_COMMA = YES;
				CLANG_WARN_CONSTANT_CONVERSION = YES;
				CLANG_WARN_DEPRECATED_OBJC_IMPLEMENTATIONS = YES;
				CLANG_WARN_DIRECT_OBJC_ISA_USAGE = YES_ERROR;
				CLANG_WARN_DOCUMENTATION_COMMENTS = YES;
				CLANG_WARN_EMPTY_BODY = YES;
				CLANG_WARN_ENUM_CONVERSION = YES;
				CLANG_WARN_INFINITE_RECURSION = YES;
				CLANG_WARN_INT_CONVERSION = YES;
				CLANG_WARN_NON_LITERAL_NULL_CONVERSION = YES;
				CLANG_WARN_OBJC_IMPLICIT_RETAIN_SELF = YES;
				CLANG_WARN_OBJC_LITERAL_CONVERSION = YES;
				CLANG_WARN_OBJC_ROOT_CLASS = YES_ERROR;
				CLANG_WARN_QUOTED_INCLUDE_IN_FRAMEWORK_HEADER = YES;
				CLANG_WARN_RANGE_LOOP_ANALYSIS = YES;
				CLANG_WARN_STRICT_PROTOTYPES = YES;
				CLANG_WARN_SUSPICIOUS_MOVE = YES;
				CLANG_WARN_UNGUARDED_AVAILABILITY = YES_AGGRESSIVE;
				CLANG_WARN_UNREACHABLE_CODE = YES;
				CLANG_WARN__DUPLICATE_METHOD_MATCH = YES;
				COPY_PHASE_STRIP = NO;
				DEBUG_INFORMATION_FORMAT = "dwarf-with-dsym";
				ENABLE_NS_ASSERTIONS = NO;
				ENABLE_STRICT_OBJC_MSGSEND = YES;
				GCC_C_LANGUAGE_STANDARD = gnu11;
				GCC_NO_COMMON_BLOCKS = YES;
				GCC_WARN_64_TO_32_BIT_CONVERSION = YES;
				GCC_WARN_ABOUT_RETURN_TYPE = YES_ERROR;
				GCC_WARN_UNDECLARED_SELECTOR = YES;
				GCC_WARN_UNINITIALIZED_AUTOS = YES_AGGRESSIVE;
				GCC_WARN_UNUSED_FUNCTION = YES;
				GCC_WARN_UNUSED_VARIABLE = YES;
				MTL_ENABLE_DEBUG_INFO = NO;
				MTL_FAST_MATH = YES;
				SWIFT_COMPILATION_MODE = wholemodule;
				SWIFT_OPTIMIZATION_LEVEL = "-O";
			};
			name = Release;
		};
		DA17E8172A12B84400554B8A /* Debug */ = {
			isa = XCBuildConfiguration;
			buildSettings = {
				ALWAYS_EMBED_SWIFT_STANDARD_LIBRARIES = YES;
				ASSETCATALOG_COMPILER_APPICON_NAME = AppIcon;
				ASSETCATALOG_COMPILER_GLOBAL_ACCENT_COLOR_NAME = AccentColor;
				CODE_SIGN_ENTITLEMENTS = Profiler/Profiler.entitlements;
				CODE_SIGN_STYLE = Automatic;
				CURRENT_PROJECT_VERSION = 1;
				DEVELOPMENT_ASSET_PATHS = "\"Profiler/Preview Content\"";
				DEVELOPMENT_TEAM = V7M7RK5R9T;
				ENABLE_PREVIEWS = YES;
				GENERATE_INFOPLIST_FILE = YES;
				INFOPLIST_FILE = Profiler/Info.plist;
				"INFOPLIST_KEY_UIApplicationSceneManifest_Generation[sdk=iphoneos*]" = YES;
				"INFOPLIST_KEY_UIApplicationSceneManifest_Generation[sdk=iphonesimulator*]" = YES;
				"INFOPLIST_KEY_UIApplicationSupportsIndirectInputEvents[sdk=iphoneos*]" = YES;
				"INFOPLIST_KEY_UIApplicationSupportsIndirectInputEvents[sdk=iphonesimulator*]" = YES;
				"INFOPLIST_KEY_UILaunchScreen_Generation[sdk=iphoneos*]" = YES;
				"INFOPLIST_KEY_UILaunchScreen_Generation[sdk=iphonesimulator*]" = YES;
				"INFOPLIST_KEY_UIStatusBarStyle[sdk=iphoneos*]" = UIStatusBarStyleDefault;
				"INFOPLIST_KEY_UIStatusBarStyle[sdk=iphonesimulator*]" = UIStatusBarStyleDefault;
				INFOPLIST_KEY_UISupportedInterfaceOrientations_iPad = "UIInterfaceOrientationPortrait UIInterfaceOrientationPortraitUpsideDown UIInterfaceOrientationLandscapeLeft UIInterfaceOrientationLandscapeRight";
				INFOPLIST_KEY_UISupportedInterfaceOrientations_iPhone = "UIInterfaceOrientationPortrait UIInterfaceOrientationLandscapeLeft UIInterfaceOrientationLandscapeRight";
				IPHONEOS_DEPLOYMENT_TARGET = 16.4;
				LD_RUNPATH_SEARCH_PATHS = "@executable_path/Frameworks";
				"LD_RUNPATH_SEARCH_PATHS[sdk=macosx*]" = "@executable_path/../Frameworks";
				MACOSX_DEPLOYMENT_TARGET = 13.3;
				MARKETING_VERSION = 1.0;
				PRODUCT_BUNDLE_IDENTIFIER = com.github.Yuri6037.Profiler;
				PRODUCT_NAME = "$(TARGET_NAME)";
				SDKROOT = auto;
				SUPPORTED_PLATFORMS = "iphoneos iphonesimulator macosx";
				SWIFT_EMIT_LOC_STRINGS = YES;
				SWIFT_VERSION = 5.0;
				TARGETED_DEVICE_FAMILY = "1,2";
			};
			name = Debug;
		};
		DA17E8182A12B84400554B8A /* Release */ = {
			isa = XCBuildConfiguration;
			buildSettings = {
				ALWAYS_EMBED_SWIFT_STANDARD_LIBRARIES = YES;
				ASSETCATALOG_COMPILER_APPICON_NAME = AppIcon;
				ASSETCATALOG_COMPILER_GLOBAL_ACCENT_COLOR_NAME = AccentColor;
				CODE_SIGN_ENTITLEMENTS = Profiler/Profiler.entitlements;
				CODE_SIGN_STYLE = Automatic;
				CURRENT_PROJECT_VERSION = 1;
				DEVELOPMENT_ASSET_PATHS = "\"Profiler/Preview Content\"";
				DEVELOPMENT_TEAM = V7M7RK5R9T;
				ENABLE_PREVIEWS = YES;
				GENERATE_INFOPLIST_FILE = YES;
				INFOPLIST_FILE = Profiler/Info.plist;
				"INFOPLIST_KEY_UIApplicationSceneManifest_Generation[sdk=iphoneos*]" = YES;
				"INFOPLIST_KEY_UIApplicationSceneManifest_Generation[sdk=iphonesimulator*]" = YES;
				"INFOPLIST_KEY_UIApplicationSupportsIndirectInputEvents[sdk=iphoneos*]" = YES;
				"INFOPLIST_KEY_UIApplicationSupportsIndirectInputEvents[sdk=iphonesimulator*]" = YES;
				"INFOPLIST_KEY_UILaunchScreen_Generation[sdk=iphoneos*]" = YES;
				"INFOPLIST_KEY_UILaunchScreen_Generation[sdk=iphonesimulator*]" = YES;
				"INFOPLIST_KEY_UIStatusBarStyle[sdk=iphoneos*]" = UIStatusBarStyleDefault;
				"INFOPLIST_KEY_UIStatusBarStyle[sdk=iphonesimulator*]" = UIStatusBarStyleDefault;
				INFOPLIST_KEY_UISupportedInterfaceOrientations_iPad = "UIInterfaceOrientationPortrait UIInterfaceOrientationPortraitUpsideDown UIInterfaceOrientationLandscapeLeft UIInterfaceOrientationLandscapeRight";
				INFOPLIST_KEY_UISupportedInterfaceOrientations_iPhone = "UIInterfaceOrientationPortrait UIInterfaceOrientationLandscapeLeft UIInterfaceOrientationLandscapeRight";
				IPHONEOS_DEPLOYMENT_TARGET = 16.4;
				LD_RUNPATH_SEARCH_PATHS = "@executable_path/Frameworks";
				"LD_RUNPATH_SEARCH_PATHS[sdk=macosx*]" = "@executable_path/../Frameworks";
				MACOSX_DEPLOYMENT_TARGET = 13.3;
				MARKETING_VERSION = 1.0;
				PRODUCT_BUNDLE_IDENTIFIER = com.github.Yuri6037.Profiler;
				PRODUCT_NAME = "$(TARGET_NAME)";
				SDKROOT = auto;
				SUPPORTED_PLATFORMS = "iphoneos iphonesimulator macosx";
				SWIFT_EMIT_LOC_STRINGS = YES;
				SWIFT_VERSION = 5.0;
				TARGETED_DEVICE_FAMILY = "1,2";
			};
			name = Release;
		};
		DA17E81A2A12B84400554B8A /* Debug */ = {
			isa = XCBuildConfiguration;
			buildSettings = {
				ALWAYS_EMBED_SWIFT_STANDARD_LIBRARIES = YES;
				BUNDLE_LOADER = "$(TEST_HOST)";
				CODE_SIGN_STYLE = Automatic;
				CURRENT_PROJECT_VERSION = 1;
				GENERATE_INFOPLIST_FILE = YES;
				IPHONEOS_DEPLOYMENT_TARGET = 16.4;
				MACOSX_DEPLOYMENT_TARGET = 13.3;
				MARKETING_VERSION = 1.0;
				PRODUCT_BUNDLE_IDENTIFIER = com.github.Yuri6037.ProfilerTests;
				PRODUCT_NAME = "$(TARGET_NAME)";
				SDKROOT = auto;
				SUPPORTED_PLATFORMS = "iphoneos iphonesimulator macosx";
				SWIFT_EMIT_LOC_STRINGS = NO;
				SWIFT_VERSION = 5.0;
				TARGETED_DEVICE_FAMILY = "1,2";
				TEST_HOST = "$(BUILT_PRODUCTS_DIR)/Profiler.app/$(BUNDLE_EXECUTABLE_FOLDER_PATH)/Profiler";
			};
			name = Debug;
		};
		DA17E81B2A12B84400554B8A /* Release */ = {
			isa = XCBuildConfiguration;
			buildSettings = {
				ALWAYS_EMBED_SWIFT_STANDARD_LIBRARIES = YES;
				BUNDLE_LOADER = "$(TEST_HOST)";
				CODE_SIGN_STYLE = Automatic;
				CURRENT_PROJECT_VERSION = 1;
				GENERATE_INFOPLIST_FILE = YES;
				IPHONEOS_DEPLOYMENT_TARGET = 16.4;
				MACOSX_DEPLOYMENT_TARGET = 13.3;
				MARKETING_VERSION = 1.0;
				PRODUCT_BUNDLE_IDENTIFIER = com.github.Yuri6037.ProfilerTests;
				PRODUCT_NAME = "$(TARGET_NAME)";
				SDKROOT = auto;
				SUPPORTED_PLATFORMS = "iphoneos iphonesimulator macosx";
				SWIFT_EMIT_LOC_STRINGS = NO;
				SWIFT_VERSION = 5.0;
				TARGETED_DEVICE_FAMILY = "1,2";
				TEST_HOST = "$(BUILT_PRODUCTS_DIR)/Profiler.app/$(BUNDLE_EXECUTABLE_FOLDER_PATH)/Profiler";
			};
			name = Release;
		};
		DA17E81D2A12B84400554B8A /* Debug */ = {
			isa = XCBuildConfiguration;
			buildSettings = {
				ALWAYS_EMBED_SWIFT_STANDARD_LIBRARIES = YES;
				CODE_SIGN_STYLE = Automatic;
				CURRENT_PROJECT_VERSION = 1;
				GENERATE_INFOPLIST_FILE = YES;
				IPHONEOS_DEPLOYMENT_TARGET = 16.4;
				MACOSX_DEPLOYMENT_TARGET = 13.3;
				MARKETING_VERSION = 1.0;
				PRODUCT_BUNDLE_IDENTIFIER = com.github.Yuri6037.ProfilerUITests;
				PRODUCT_NAME = "$(TARGET_NAME)";
				SDKROOT = auto;
				SUPPORTED_PLATFORMS = "iphoneos iphonesimulator macosx";
				SWIFT_EMIT_LOC_STRINGS = NO;
				SWIFT_VERSION = 5.0;
				TARGETED_DEVICE_FAMILY = "1,2";
				TEST_TARGET_NAME = Profiler;
			};
			name = Debug;
		};
		DA17E81E2A12B84400554B8A /* Release */ = {
			isa = XCBuildConfiguration;
			buildSettings = {
				ALWAYS_EMBED_SWIFT_STANDARD_LIBRARIES = YES;
				CODE_SIGN_STYLE = Automatic;
				CURRENT_PROJECT_VERSION = 1;
				GENERATE_INFOPLIST_FILE = YES;
				IPHONEOS_DEPLOYMENT_TARGET = 16.4;
				MACOSX_DEPLOYMENT_TARGET = 13.3;
				MARKETING_VERSION = 1.0;
				PRODUCT_BUNDLE_IDENTIFIER = com.github.Yuri6037.ProfilerUITests;
				PRODUCT_NAME = "$(TARGET_NAME)";
				SDKROOT = auto;
				SUPPORTED_PLATFORMS = "iphoneos iphonesimulator macosx";
				SWIFT_EMIT_LOC_STRINGS = NO;
				SWIFT_VERSION = 5.0;
				TARGETED_DEVICE_FAMILY = "1,2";
				TEST_TARGET_NAME = Profiler;
			};
			name = Release;
		};
		DA17E83D2A12BACA00554B8A /* Debug */ = {
			isa = XCBuildConfiguration;
			buildSettings = {
				CLANG_ENABLE_MODULES = YES;
				CODE_SIGN_STYLE = Automatic;
				CURRENT_PROJECT_VERSION = 1;
				DEFINES_MODULE = YES;
				DYLIB_COMPATIBILITY_VERSION = 1;
				DYLIB_CURRENT_VERSION = 1;
				DYLIB_INSTALL_NAME_BASE = "@rpath";
				ENABLE_MODULE_VERIFIER = YES;
				GENERATE_INFOPLIST_FILE = YES;
				INFOPLIST_KEY_NSHumanReadableCopyright = "";
				INSTALL_PATH = "$(LOCAL_LIBRARY_DIR)/Frameworks";
				IPHONEOS_DEPLOYMENT_TARGET = 16.4;
				LD_RUNPATH_SEARCH_PATHS = (
					"@executable_path/Frameworks",
					"@loader_path/Frameworks",
				);
				"LD_RUNPATH_SEARCH_PATHS[sdk=macosx*]" = (
					"@executable_path/../Frameworks",
					"@loader_path/Frameworks",
				);
				MACOSX_DEPLOYMENT_TARGET = 13.3;
				MARKETING_VERSION = 1.0;
				MODULE_VERIFIER_SUPPORTED_LANGUAGES = "objective-c objective-c++";
				MODULE_VERIFIER_SUPPORTED_LANGUAGE_STANDARDS = "gnu11 gnu++20";
				PRODUCT_BUNDLE_IDENTIFIER = com.github.Yuri6037.Profiler.Protocol;
				PRODUCT_NAME = "$(TARGET_NAME:c99extidentifier)";
				SDKROOT = auto;
				SKIP_INSTALL = YES;
				SUPPORTED_PLATFORMS = "iphoneos iphonesimulator macosx";
				SWIFT_EMIT_LOC_STRINGS = YES;
				SWIFT_OPTIMIZATION_LEVEL = "-Onone";
				SWIFT_VERSION = 5.0;
				TARGETED_DEVICE_FAMILY = "1,2";
				VERSIONING_SYSTEM = "apple-generic";
				VERSION_INFO_PREFIX = "";
			};
			name = Debug;
		};
		DA17E83E2A12BACA00554B8A /* Release */ = {
			isa = XCBuildConfiguration;
			buildSettings = {
				CLANG_ENABLE_MODULES = YES;
				CODE_SIGN_STYLE = Automatic;
				CURRENT_PROJECT_VERSION = 1;
				DEFINES_MODULE = YES;
				DYLIB_COMPATIBILITY_VERSION = 1;
				DYLIB_CURRENT_VERSION = 1;
				DYLIB_INSTALL_NAME_BASE = "@rpath";
				ENABLE_MODULE_VERIFIER = YES;
				GENERATE_INFOPLIST_FILE = YES;
				INFOPLIST_KEY_NSHumanReadableCopyright = "";
				INSTALL_PATH = "$(LOCAL_LIBRARY_DIR)/Frameworks";
				IPHONEOS_DEPLOYMENT_TARGET = 16.4;
				LD_RUNPATH_SEARCH_PATHS = (
					"@executable_path/Frameworks",
					"@loader_path/Frameworks",
				);
				"LD_RUNPATH_SEARCH_PATHS[sdk=macosx*]" = (
					"@executable_path/../Frameworks",
					"@loader_path/Frameworks",
				);
				MACOSX_DEPLOYMENT_TARGET = 13.3;
				MARKETING_VERSION = 1.0;
				MODULE_VERIFIER_SUPPORTED_LANGUAGES = "objective-c objective-c++";
				MODULE_VERIFIER_SUPPORTED_LANGUAGE_STANDARDS = "gnu11 gnu++20";
				PRODUCT_BUNDLE_IDENTIFIER = com.github.Yuri6037.Profiler.Protocol;
				PRODUCT_NAME = "$(TARGET_NAME:c99extidentifier)";
				SDKROOT = auto;
				SKIP_INSTALL = YES;
				SUPPORTED_PLATFORMS = "iphoneos iphonesimulator macosx";
				SWIFT_EMIT_LOC_STRINGS = YES;
				SWIFT_VERSION = 5.0;
				TARGETED_DEVICE_FAMILY = "1,2";
				VERSIONING_SYSTEM = "apple-generic";
				VERSION_INFO_PREFIX = "";
			};
			name = Release;
		};
		DA17E8412A12BACA00554B8A /* Debug */ = {
			isa = XCBuildConfiguration;
			buildSettings = {
				ALWAYS_EMBED_SWIFT_STANDARD_LIBRARIES = YES;
				CODE_SIGN_STYLE = Automatic;
				CURRENT_PROJECT_VERSION = 1;
				GENERATE_INFOPLIST_FILE = YES;
				IPHONEOS_DEPLOYMENT_TARGET = 16.4;
				MACOSX_DEPLOYMENT_TARGET = 13.3;
				MARKETING_VERSION = 1.0;
				PRODUCT_BUNDLE_IDENTIFIER = com.github.Yuri6037.Profiler.ProtocolTests;
				PRODUCT_NAME = "$(TARGET_NAME)";
				SDKROOT = auto;
				SUPPORTED_PLATFORMS = "iphoneos iphonesimulator macosx";
				SWIFT_EMIT_LOC_STRINGS = NO;
				SWIFT_VERSION = 5.0;
				TARGETED_DEVICE_FAMILY = "1,2";
				TEST_HOST = "$(BUILT_PRODUCTS_DIR)/Profiler.app/$(BUNDLE_EXECUTABLE_FOLDER_PATH)/Profiler";
			};
			name = Debug;
		};
		DA17E8422A12BACA00554B8A /* Release */ = {
			isa = XCBuildConfiguration;
			buildSettings = {
				ALWAYS_EMBED_SWIFT_STANDARD_LIBRARIES = YES;
				CODE_SIGN_STYLE = Automatic;
				CURRENT_PROJECT_VERSION = 1;
				GENERATE_INFOPLIST_FILE = YES;
				IPHONEOS_DEPLOYMENT_TARGET = 16.4;
				MACOSX_DEPLOYMENT_TARGET = 13.3;
				MARKETING_VERSION = 1.0;
				PRODUCT_BUNDLE_IDENTIFIER = com.github.Yuri6037.Profiler.ProtocolTests;
				PRODUCT_NAME = "$(TARGET_NAME)";
				SDKROOT = auto;
				SUPPORTED_PLATFORMS = "iphoneos iphonesimulator macosx";
				SWIFT_EMIT_LOC_STRINGS = NO;
				SWIFT_VERSION = 5.0;
				TARGETED_DEVICE_FAMILY = "1,2";
				TEST_HOST = "$(BUILT_PRODUCTS_DIR)/Profiler.app/$(BUNDLE_EXECUTABLE_FOLDER_PATH)/Profiler";
			};
			name = Release;
		};
/* End XCBuildConfiguration section */

/* Begin XCConfigurationList section */
		DA17E7E72A12B84300554B8A /* Build configuration list for PBXProject "Profiler" */ = {
			isa = XCConfigurationList;
			buildConfigurations = (
				DA17E8142A12B84400554B8A /* Debug */,
				DA17E8152A12B84400554B8A /* Release */,
			);
			defaultConfigurationIsVisible = 0;
			defaultConfigurationName = Release;
		};
		DA17E8162A12B84400554B8A /* Build configuration list for PBXNativeTarget "Profiler" */ = {
			isa = XCConfigurationList;
			buildConfigurations = (
				DA17E8172A12B84400554B8A /* Debug */,
				DA17E8182A12B84400554B8A /* Release */,
			);
			defaultConfigurationIsVisible = 0;
			defaultConfigurationName = Release;
		};
		DA17E8192A12B84400554B8A /* Build configuration list for PBXNativeTarget "ProfilerTests" */ = {
			isa = XCConfigurationList;
			buildConfigurations = (
				DA17E81A2A12B84400554B8A /* Debug */,
				DA17E81B2A12B84400554B8A /* Release */,
			);
			defaultConfigurationIsVisible = 0;
			defaultConfigurationName = Release;
		};
		DA17E81C2A12B84400554B8A /* Build configuration list for PBXNativeTarget "ProfilerUITests" */ = {
			isa = XCConfigurationList;
			buildConfigurations = (
				DA17E81D2A12B84400554B8A /* Debug */,
				DA17E81E2A12B84400554B8A /* Release */,
			);
			defaultConfigurationIsVisible = 0;
			defaultConfigurationName = Release;
		};
		DA17E83C2A12BACA00554B8A /* Build configuration list for PBXNativeTarget "Protocol" */ = {
			isa = XCConfigurationList;
			buildConfigurations = (
				DA17E83D2A12BACA00554B8A /* Debug */,
				DA17E83E2A12BACA00554B8A /* Release */,
			);
			defaultConfigurationIsVisible = 0;
			defaultConfigurationName = Release;
		};
		DA17E8402A12BACA00554B8A /* Build configuration list for PBXNativeTarget "ProtocolTests" */ = {
			isa = XCConfigurationList;
			buildConfigurations = (
				DA17E8412A12BACA00554B8A /* Debug */,
				DA17E8422A12BACA00554B8A /* Release */,
			);
			defaultConfigurationIsVisible = 0;
			defaultConfigurationName = Release;
		};
/* End XCConfigurationList section */

/* Begin XCRemoteSwiftPackageReference section */
		DA5A3AA12A87FF65000375A2 /* XCRemoteSwiftPackageReference "SwiftString" */ = {
			isa = XCRemoteSwiftPackageReference;
			repositoryURL = "https://github.com/iamjono/SwiftString.git";
			requirement = {
				kind = upToNextMajorVersion;
				minimumVersion = 2.0.0;
			};
		};
		DA837CF82A14076300B91BCE /* XCRemoteSwiftPackageReference "swift-nio" */ = {
			isa = XCRemoteSwiftPackageReference;
			repositoryURL = "https://github.com/apple/swift-nio.git";
			requirement = {
				kind = upToNextMajorVersion;
				minimumVersion = 2.0.0;
			};
		};
/* End XCRemoteSwiftPackageReference section */

/* Begin XCSwiftPackageProductDependency section */
		DA5A3AA22A87FF65000375A2 /* SwiftString */ = {
			isa = XCSwiftPackageProductDependency;
			package = DA5A3AA12A87FF65000375A2 /* XCRemoteSwiftPackageReference "SwiftString" */;
			productName = SwiftString;
		};
		DA837CF92A14076300B91BCE /* NIO */ = {
			isa = XCSwiftPackageProductDependency;
			package = DA837CF82A14076300B91BCE /* XCRemoteSwiftPackageReference "swift-nio" */;
			productName = NIO;
		};
/* End XCSwiftPackageProductDependency section */

/* Begin XCVersionGroup section */
		DA17E7F32A12B84300554B8A /* Profiler.xcdatamodeld */ = {
			isa = XCVersionGroup;
			children = (
				DA17E7F42A12B84300554B8A /* Profiler.xcdatamodel */,
			);
			currentVersion = DA17E7F42A12B84300554B8A /* Profiler.xcdatamodel */;
			path = Profiler.xcdatamodeld;
			sourceTree = "<group>";
			versionGroupType = wrapper.xcdatamodel;
		};
/* End XCVersionGroup section */
	};
	rootObject = DA17E7E42A12B84300554B8A /* Project object */;
}
